<?xml version="1.0" encoding="utf-8"?>
<Project ToolsVersion="4.0" xmlns="http://schemas.microsoft.com/developer/msbuild/2003">
  <ItemGroup>
    <Filter Include="Source Files">
      <UniqueIdentifier>{c672cd35-3eb3-4474-8f4a-57eb7c96fe3b}</UniqueIdentifier>
      <Extensions>cpp;c;cxx;rc;def;r;odl;idl;hpj;bat</Extensions>
    </Filter>
    <Filter Include="Header Files">
      <UniqueIdentifier>{9ad8bff4-d00c-4f10-b2b8-6edf0168075b}</UniqueIdentifier>
      <Extensions>h;hpp;hxx;hm;inl</Extensions>
    </Filter>
    <Filter Include="Resource Files">
      <UniqueIdentifier>{e7c43d27-253e-4426-8274-959a4d70196b}</UniqueIdentifier>
      <Extensions>ico;cur;bmp;dlg;rc2;rct;bin;rgs;gif;jpg;jpeg;jpe</Extensions>
    </Filter>
    <Filter Include="DX9">
      <UniqueIdentifier>{45cf7cf2-2290-41d4-888d-78b17ea275a9}</UniqueIdentifier>
    </Filter>
  </ItemGroup>
  <ItemGroup>
    <ClCompile Include="MovieDS.cpp">
      <Filter>Source Files</Filter>
    </ClCompile>
  </ItemGroup>
  <ItemGroup>
    <ClInclude Include="MovieDS.h">
      <Filter>Header Files</Filter>
    </ClInclude>
    <ClInclude Include="MovieDSDll.h">
      <Filter>Header Files</Filter>
    </ClInclude>
  </ItemGroup>
  <ItemGroup>
    <Library Include="..\ThirdParty\Dx9\Lib\ddraw.lib">
      <Filter>DX9</Filter>
    </Library>
    <Library Include="..\ThirdParty\Dx9\Lib\strmiids.lib">
      <Filter>DX9</Filter>
    </Library>
  </ItemGroup>
</Project>