Microsoft Visual Studio Solution File, Format Version 8.00
Project("{8BC9CEB8-8B4A-11D0-8D11-00A0C91BC942}") = "VC2M", "VC2M.vcproj", "{DDA6A921-8322-4D6C-85AC-D5D48BB1F195}"
	ProjectSection(ProjectDependencies) = postProject
	EndProjectSection
EndProject
Global
	GlobalSection(SolutionConfiguration) = preSolution
		Debug = Debug
		Release = Release
	EndGlobalSection
	GlobalSection(ProjectConfiguration) = postSolution
		{DDA6A921-8322-4D6C-85AC-D5D48BB1F195}.Debug.ActiveCfg = Debug|Win32
		{DDA6A921-8322-4D6C-85AC-D5D48BB1F195}.Debug.Build.0 = Debug|Win32
		{DDA6A921-8322-4D6C-85AC-D5D48BB1F195}.Release.ActiveCfg = Release|Win32
		{DDA6A921-8322-4D6C-85AC-D5D48BB1F195}.Release.Build.0 = Release|Win32
	EndGlobalSection
	GlobalSection(ExtensibilityGlobals) = postSolution
	EndGlobalSection
	GlobalSection(ExtensibilityAddIns) = postSolution
	EndGlobalSection
EndGlobal
