Microsoft Visual Studio Solution File, Format Version 9.00
# Visual Studio 2005
Project("{8BC9CEB8-8B4A-11D0-8D11-00A0C91BC942}") = "DisplayD3D", "DisplayD3D\DisplayD3D.vcproj", "{416F1CD7-7FEE-42A4-8EC6-0C2353BF698E}"
	ProjectSection(ProjectDependencies) = postProject
		{93AD8E65-FB3A-414D-BA0B-6E8FFDDB6CAB} = {93AD8E65-FB3A-414D-BA0B-6E8FFDDB6CAB}
	EndProjectSection
EndProject
Project("{8BC9CEB8-8B4A-11D0-8D11-00A0C91BC942}") = "DisplayGL", "DisplayGL\DisplayGL.vcproj", "{5F2806C1-7E74-411C-B6FA-25AD33BB1852}"
	ProjectSection(ProjectDependencies) = postProject
		{93AD8E65-FB3A-414D-BA0B-6E8FFDDB6CAB} = {93AD8E65-FB3A-414D-BA0B-6E8FFDDB6CAB}
	EndProjectSection
EndProject
Project("{8BC9CEB8-8B4A-11D0-8D11-00A0C91BC942}") = "Docs", "Docs\Docs.vcproj", "{DC5C5B39-D69B-4D9E-B000-BFBE1CA4253C}"
EndProject
Project("{8BC9CEB8-8B4A-11D0-8D11-00A0C91BC942}") = "GUI3D", "GUI3D\Gui3d.vcproj", "{CD91E4F5-1AFF-476D-94BE-C9770ACFAF98}"
	ProjectSection(ProjectDependencies) = postProject
		{74EF8552-8C85-4859-B8F0-5F056C17D3A5} = {74EF8552-8C85-4859-B8F0-5F056C17D3A5}
		{94699964-B94E-4623-B51A-A2071F6C15DC} = {94699964-B94E-4623-B51A-A2071F6C15DC}
		{18B80ECB-53AE-47E1-AF11-0C994CAC2C1D} = {18B80ECB-53AE-47E1-AF11-0C994CAC2C1D}
		{93AD8E65-FB3A-414D-BA0B-6E8FFDDB6CAB} = {93AD8E65-FB3A-414D-BA0B-6E8FFDDB6CAB}
	EndProjectSection
EndProject
Project("{8BC9CEB8-8B4A-11D0-8D11-00A0C91BC942}") = "MovieDS", "MovieDS\MovieDS.vcproj", "{51E38662-BE64-47BD-AAA7-041141260248}"
	ProjectSection(ProjectDependencies) = postProject
		{93AD8E65-FB3A-414D-BA0B-6E8FFDDB6CAB} = {93AD8E65-FB3A-414D-BA0B-6E8FFDDB6CAB}
	EndProjectSection
EndProject
Project("{8BC9CEB8-8B4A-11D0-8D11-00A0C91BC942}") = "Network", "Network\Network.vcproj", "{1E5779FC-265E-4331-AAAD-79AAFD688DA4}"
	ProjectSection(ProjectDependencies) = postProject
		{93AD8E65-FB3A-414D-BA0B-6E8FFDDB6CAB} = {93AD8E65-FB3A-414D-BA0B-6E8FFDDB6CAB}
	EndProjectSection
EndProject
Project("{8BC9CEB8-8B4A-11D0-8D11-00A0C91BC942}") = "Render3D", "Render3D\Render3D.vcproj", "{18B80ECB-53AE-47E1-AF11-0C994CAC2C1D}"
	ProjectSection(ProjectDependencies) = postProject
		{93AD8E65-FB3A-414D-BA0B-6E8FFDDB6CAB} = {93AD8E65-FB3A-414D-BA0B-6E8FFDDB6CAB}
	EndProjectSection
EndProject
Project("{8BC9CEB8-8B4A-11D0-8D11-00A0C91BC942}") = "SystemWin", "SystemWin\SystemWin.vcproj", "{E2FFA664-115A-463A-A01C-5893A14ADAE4}"
	ProjectSection(ProjectDependencies) = postProject
		{93AD8E65-FB3A-414D-BA0B-6E8FFDDB6CAB} = {93AD8E65-FB3A-414D-BA0B-6E8FFDDB6CAB}
		{18B80ECB-53AE-47E1-AF11-0C994CAC2C1D} = {18B80ECB-53AE-47E1-AF11-0C994CAC2C1D}
		{1E5779FC-265E-4331-AAAD-79AAFD688DA4} = {1E5779FC-265E-4331-AAAD-79AAFD688DA4}
	EndProjectSection
EndProject
Project("{8BC9CEB8-8B4A-11D0-8D11-00A0C91BC942}") = "Tools", "Tools\Tools.vcproj", "{DA570E3C-6A6B-49E4-8835-35ED9DFA0FB0}"
EndProject
Project("{8BC9CEB8-8B4A-11D0-8D11-00A0C91BC942}") = "UnitTest", "UnitTest\UnitTest.vcproj", "{78CEECCF-46FE-4B7E-AA1F-58865D5EFDE5}"
	ProjectSection(ProjectDependencies) = postProject
		{1E5779FC-265E-4331-AAAD-79AAFD688DA4} = {1E5779FC-265E-4331-AAAD-79AAFD688DA4}
		{93AD8E65-FB3A-414D-BA0B-6E8FFDDB6CAB} = {93AD8E65-FB3A-414D-BA0B-6E8FFDDB6CAB}
	EndProjectSection
EndProject
Project("{8BC9CEB8-8B4A-11D0-8D11-00A0C91BC942}") = "Medusa", "Medusa\Medusa.vcproj", "{93AD8E65-FB3A-414D-BA0B-6E8FFDDB6CAB}"
EndProject
Project("{8BC9CEB8-8B4A-11D0-8D11-00A0C91BC942}") = "World", "World\World.vcproj", "{74EF8552-8C85-4859-B8F0-5F056C17D3A5}"
	ProjectSection(ProjectDependencies) = postProject
		{6276A121-5951-40D4-B2ED-0325573E8055} = {6276A121-5951-40D4-B2ED-0325573E8055}
		{94699964-B94E-4623-B51A-A2071F6C15DC} = {94699964-B94E-4623-B51A-A2071F6C15DC}
		{93AD8E65-FB3A-414D-BA0B-6E8FFDDB6CAB} = {93AD8E65-FB3A-414D-BA0B-6E8FFDDB6CAB}
		{18B80ECB-53AE-47E1-AF11-0C994CAC2C1D} = {18B80ECB-53AE-47E1-AF11-0C994CAC2C1D}
		{1E5779FC-265E-4331-AAAD-79AAFD688DA4} = {1E5779FC-265E-4331-AAAD-79AAFD688DA4}
	EndProjectSection
EndProject
Project("{8BC9CEB8-8B4A-11D0-8D11-00A0C91BC942}") = "GCQ", "GCQ\GCQ.vcproj", "{6276A121-5951-40D4-B2ED-0325573E8055}"
	ProjectSection(ProjectDependencies) = postProject
		{93AD8E65-FB3A-414D-BA0B-6E8FFDDB6CAB} = {93AD8E65-FB3A-414D-BA0B-6E8FFDDB6CAB}
		{1E5779FC-265E-4331-AAAD-79AAFD688DA4} = {1E5779FC-265E-4331-AAAD-79AAFD688DA4}
	EndProjectSection
EndProject
Project("{8BC9CEB8-8B4A-11D0-8D11-00A0C91BC942}") = "SelfUpdate", "SelfUpdate\SelfUpdate.vcproj", "{0593B188-284E-4657-BA15-4BC703673F8F}"
	ProjectSection(ProjectDependencies) = postProject
		{1E5779FC-265E-4331-AAAD-79AAFD688DA4} = {1E5779FC-265E-4331-AAAD-79AAFD688DA4}
		{93AD8E65-FB3A-414D-BA0B-6E8FFDDB6CAB} = {93AD8E65-FB3A-414D-BA0B-6E8FFDDB6CAB}
	EndProjectSection
EndProject
Project("{8BC9CEB8-8B4A-11D0-8D11-00A0C91BC942}") = "AudioDS", "AudioDS\AudioDS.vcproj", "{40946EB1-A434-4C62-B02E-F3E1BE4BE293}"
	ProjectSection(ProjectDependencies) = postProject
		{93AD8E65-FB3A-414D-BA0B-6E8FFDDB6CAB} = {93AD8E65-FB3A-414D-BA0B-6E8FFDDB6CAB}
	EndProjectSection
EndProject
Project("{2150E333-8FDC-42A3-9474-1A3956D46DE8}") = "ThirdParty", "ThirdParty", "{1F42F55C-3517-4EAA-8887-C13F6E01C439}"
EndProject
Project("{8BC9CEB8-8B4A-11D0-8D11-00A0C91BC942}") = "LuaLib", "ThirdParty\LuaJIT\src\LuaLib.vcproj", "{94699964-B94E-4623-B51A-A2071F6C15DC}"
EndProject
Global
	GlobalSection(SolutionConfigurationPlatforms) = preSolution
		Debug|Win32 = Debug|Win32
		DebugLinux|Win32 = DebugLinux|Win32
		Release|Win32 = Release|Win32
		ReleaseLinux|Win32 = ReleaseLinux|Win32
	EndGlobalSection
	GlobalSection(ProjectConfigurationPlatforms) = postSolution
		{416F1CD7-7FEE-42A4-8EC6-0C2353BF698E}.Debug|Win32.ActiveCfg = Debug|Win32
		{416F1CD7-7FEE-42A4-8EC6-0C2353BF698E}.Debug|Win32.Build.0 = Debug|Win32
		{416F1CD7-7FEE-42A4-8EC6-0C2353BF698E}.DebugLinux|Win32.ActiveCfg = Debug|Win32
		{416F1CD7-7FEE-42A4-8EC6-0C2353BF698E}.Release|Win32.ActiveCfg = Release|Win32
		{416F1CD7-7FEE-42A4-8EC6-0C2353BF698E}.Release|Win32.Build.0 = Release|Win32
		{416F1CD7-7FEE-42A4-8EC6-0C2353BF698E}.ReleaseLinux|Win32.ActiveCfg = Release|Win32
		{5F2806C1-7E74-411C-B6FA-25AD33BB1852}.Debug|Win32.ActiveCfg = Debug|Win32
		{5F2806C1-7E74-411C-B6FA-25AD33BB1852}.Debug|Win32.Build.0 = Debug|Win32
		{5F2806C1-7E74-411C-B6FA-25AD33BB1852}.DebugLinux|Win32.ActiveCfg = Debug|Win32
		{5F2806C1-7E74-411C-B6FA-25AD33BB1852}.Release|Win32.ActiveCfg = Release|Win32
		{5F2806C1-7E74-411C-B6FA-25AD33BB1852}.Release|Win32.Build.0 = Release|Win32
		{5F2806C1-7E74-411C-B6FA-25AD33BB1852}.ReleaseLinux|Win32.ActiveCfg = Release|Win32
		{DC5C5B39-D69B-4D9E-B000-BFBE1CA4253C}.Debug|Win32.ActiveCfg = Debug|Win32
		{DC5C5B39-D69B-4D9E-B000-BFBE1CA4253C}.Debug|Win32.Build.0 = Debug|Win32
		{DC5C5B39-D69B-4D9E-B000-BFBE1CA4253C}.DebugLinux|Win32.ActiveCfg = Debug|Win32
		{DC5C5B39-D69B-4D9E-B000-BFBE1CA4253C}.Release|Win32.ActiveCfg = Release|Win32
		{DC5C5B39-D69B-4D9E-B000-BFBE1CA4253C}.Release|Win32.Build.0 = Release|Win32
		{DC5C5B39-D69B-4D9E-B000-BFBE1CA4253C}.ReleaseLinux|Win32.ActiveCfg = Release|Win32
		{CD91E4F5-1AFF-476D-94BE-C9770ACFAF98}.Debug|Win32.ActiveCfg = Debug|Win32
		{CD91E4F5-1AFF-476D-94BE-C9770ACFAF98}.Debug|Win32.Build.0 = Debug|Win32
		{CD91E4F5-1AFF-476D-94BE-C9770ACFAF98}.DebugLinux|Win32.ActiveCfg = Debug|Win32
		{CD91E4F5-1AFF-476D-94BE-C9770ACFAF98}.Release|Win32.ActiveCfg = Release|Win32
		{CD91E4F5-1AFF-476D-94BE-C9770ACFAF98}.Release|Win32.Build.0 = Release|Win32
		{CD91E4F5-1AFF-476D-94BE-C9770ACFAF98}.ReleaseLinux|Win32.ActiveCfg = Release|Win32
		{CD91E4F5-1AFF-476D-94BE-C9770ACFAF98}.ReleaseLinux|Win32.Build.0 = Release|Win32
		{51E38662-BE64-47BD-AAA7-041141260248}.Debug|Win32.ActiveCfg = Debug|Win32
		{51E38662-BE64-47BD-AAA7-041141260248}.Debug|Win32.Build.0 = Debug|Win32
		{51E38662-BE64-47BD-AAA7-041141260248}.DebugLinux|Win32.ActiveCfg = Debug|Win32
		{51E38662-BE64-47BD-AAA7-041141260248}.Release|Win32.ActiveCfg = Release|Win32
		{51E38662-BE64-47BD-AAA7-041141260248}.Release|Win32.Build.0 = Release|Win32
		{51E38662-BE64-47BD-AAA7-041141260248}.ReleaseLinux|Win32.ActiveCfg = Release|Win32
		{1E5779FC-265E-4331-AAAD-79AAFD688DA4}.Debug|Win32.ActiveCfg = Debug|Win32
		{1E5779FC-265E-4331-AAAD-79AAFD688DA4}.Debug|Win32.Build.0 = Debug|Win32
		{1E5779FC-265E-4331-AAAD-79AAFD688DA4}.DebugLinux|Win32.ActiveCfg = DebugLinux|Win32
		{1E5779FC-265E-4331-AAAD-79AAFD688DA4}.DebugLinux|Win32.Build.0 = DebugLinux|Win32
		{1E5779FC-265E-4331-AAAD-79AAFD688DA4}.Release|Win32.ActiveCfg = Release|Win32
		{1E5779FC-265E-4331-AAAD-79AAFD688DA4}.Release|Win32.Build.0 = Release|Win32
		{1E5779FC-265E-4331-AAAD-79AAFD688DA4}.ReleaseLinux|Win32.ActiveCfg = ReleaseLinux|Win32
		{1E5779FC-265E-4331-AAAD-79AAFD688DA4}.ReleaseLinux|Win32.Build.0 = ReleaseLinux|Win32
		{18B80ECB-53AE-47E1-AF11-0C994CAC2C1D}.Debug|Win32.ActiveCfg = Debug|Win32
		{18B80ECB-53AE-47E1-AF11-0C994CAC2C1D}.Debug|Win32.Build.0 = Debug|Win32
		{18B80ECB-53AE-47E1-AF11-0C994CAC2C1D}.DebugLinux|Win32.ActiveCfg = DebugLinux|Win32
		{18B80ECB-53AE-47E1-AF11-0C994CAC2C1D}.DebugLinux|Win32.Build.0 = DebugLinux|Win32
		{18B80ECB-53AE-47E1-AF11-0C994CAC2C1D}.Release|Win32.ActiveCfg = Release|Win32
		{18B80ECB-53AE-47E1-AF11-0C994CAC2C1D}.Release|Win32.Build.0 = Release|Win32
		{18B80ECB-53AE-47E1-AF11-0C994CAC2C1D}.ReleaseLinux|Win32.ActiveCfg = ReleaseLinux|Win32
		{18B80ECB-53AE-47E1-AF11-0C994CAC2C1D}.ReleaseLinux|Win32.Build.0 = ReleaseLinux|Win32
		{E2FFA664-115A-463A-A01C-5893A14ADAE4}.Debug|Win32.ActiveCfg = Debug|Win32
		{E2FFA664-115A-463A-A01C-5893A14ADAE4}.Debug|Win32.Build.0 = Debug|Win32
		{E2FFA664-115A-463A-A01C-5893A14ADAE4}.DebugLinux|Win32.ActiveCfg = Debug|Win32
		{E2FFA664-115A-463A-A01C-5893A14ADAE4}.Release|Win32.ActiveCfg = Release|Win32
		{E2FFA664-115A-463A-A01C-5893A14ADAE4}.Release|Win32.Build.0 = Release|Win32
		{E2FFA664-115A-463A-A01C-5893A14ADAE4}.ReleaseLinux|Win32.ActiveCfg = Release|Win32
		{DA570E3C-6A6B-49E4-8835-35ED9DFA0FB0}.Debug|Win32.ActiveCfg = Debug|Win32
		{DA570E3C-6A6B-49E4-8835-35ED9DFA0FB0}.Debug|Win32.Build.0 = Debug|Win32
		{DA570E3C-6A6B-49E4-8835-35ED9DFA0FB0}.DebugLinux|Win32.ActiveCfg = Debug|Win32
		{DA570E3C-6A6B-49E4-8835-35ED9DFA0FB0}.Release|Win32.ActiveCfg = Release|Win32
		{DA570E3C-6A6B-49E4-8835-35ED9DFA0FB0}.Release|Win32.Build.0 = Release|Win32
		{DA570E3C-6A6B-49E4-8835-35ED9DFA0FB0}.ReleaseLinux|Win32.ActiveCfg = Release|Win32
		{78CEECCF-46FE-4B7E-AA1F-58865D5EFDE5}.Debug|Win32.ActiveCfg = Debug|Win32
		{78CEECCF-46FE-4B7E-AA1F-58865D5EFDE5}.Debug|Win32.Build.0 = Debug|Win32
		{78CEECCF-46FE-4B7E-AA1F-58865D5EFDE5}.DebugLinux|Win32.ActiveCfg = Debug|Win32
		{78CEECCF-46FE-4B7E-AA1F-58865D5EFDE5}.Release|Win32.ActiveCfg = Release|Win32
		{78CEECCF-46FE-4B7E-AA1F-58865D5EFDE5}.Release|Win32.Build.0 = Release|Win32
		{78CEECCF-46FE-4B7E-AA1F-58865D5EFDE5}.ReleaseLinux|Win32.ActiveCfg = Release|Win32
		{93AD8E65-FB3A-414D-BA0B-6E8FFDDB6CAB}.Debug|Win32.ActiveCfg = Debug|Win32
		{93AD8E65-FB3A-414D-BA0B-6E8FFDDB6CAB}.Debug|Win32.Build.0 = Debug|Win32
		{93AD8E65-FB3A-414D-BA0B-6E8FFDDB6CAB}.DebugLinux|Win32.ActiveCfg = DebugLinux|Win32
		{93AD8E65-FB3A-414D-BA0B-6E8FFDDB6CAB}.DebugLinux|Win32.Build.0 = DebugLinux|Win32
		{93AD8E65-FB3A-414D-BA0B-6E8FFDDB6CAB}.Release|Win32.ActiveCfg = Release|Win32
		{93AD8E65-FB3A-414D-BA0B-6E8FFDDB6CAB}.Release|Win32.Build.0 = Release|Win32
		{93AD8E65-FB3A-414D-BA0B-6E8FFDDB6CAB}.ReleaseLinux|Win32.ActiveCfg = ReleaseLinux|Win32
		{93AD8E65-FB3A-414D-BA0B-6E8FFDDB6CAB}.ReleaseLinux|Win32.Build.0 = ReleaseLinux|Win32
		{74EF8552-8C85-4859-B8F0-5F056C17D3A5}.Debug|Win32.ActiveCfg = Debug|Win32
		{74EF8552-8C85-4859-B8F0-5F056C17D3A5}.Debug|Win32.Build.0 = Debug|Win32
		{74EF8552-8C85-4859-B8F0-5F056C17D3A5}.DebugLinux|Win32.ActiveCfg = DebugLinux|Win32
		{74EF8552-8C85-4859-B8F0-5F056C17D3A5}.DebugLinux|Win32.Build.0 = DebugLinux|Win32
		{74EF8552-8C85-4859-B8F0-5F056C17D3A5}.Release|Win32.ActiveCfg = Release|Win32
		{74EF8552-8C85-4859-B8F0-5F056C17D3A5}.Release|Win32.Build.0 = Release|Win32
		{74EF8552-8C85-4859-B8F0-5F056C17D3A5}.ReleaseLinux|Win32.ActiveCfg = ReleaseLinux|Win32
		{74EF8552-8C85-4859-B8F0-5F056C17D3A5}.ReleaseLinux|Win32.Build.0 = ReleaseLinux|Win32
		{6276A121-5951-40D4-B2ED-0325573E8055}.Debug|Win32.ActiveCfg = Debug|Win32
		{6276A121-5951-40D4-B2ED-0325573E8055}.Debug|Win32.Build.0 = Debug|Win32
		{6276A121-5951-40D4-B2ED-0325573E8055}.DebugLinux|Win32.ActiveCfg = DebugLinux|Win32
		{6276A121-5951-40D4-B2ED-0325573E8055}.DebugLinux|Win32.Build.0 = DebugLinux|Win32
		{6276A121-5951-40D4-B2ED-0325573E8055}.Release|Win32.ActiveCfg = Release|Win32
		{6276A121-5951-40D4-B2ED-0325573E8055}.Release|Win32.Build.0 = Release|Win32
		{6276A121-5951-40D4-B2ED-0325573E8055}.ReleaseLinux|Win32.ActiveCfg = ReleaseLinux|Win32
		{6276A121-5951-40D4-B2ED-0325573E8055}.ReleaseLinux|Win32.Build.0 = ReleaseLinux|Win32
		{0593B188-284E-4657-BA15-4BC703673F8F}.Debug|Win32.ActiveCfg = Debug|Win32
		{0593B188-284E-4657-BA15-4BC703673F8F}.Debug|Win32.Build.0 = Debug|Win32
		{0593B188-284E-4657-BA15-4BC703673F8F}.DebugLinux|Win32.ActiveCfg = Debug|Win32
		{0593B188-284E-4657-BA15-4BC703673F8F}.Release|Win32.ActiveCfg = Release|Win32
		{0593B188-284E-4657-BA15-4BC703673F8F}.Release|Win32.Build.0 = Release|Win32
		{0593B188-284E-4657-BA15-4BC703673F8F}.ReleaseLinux|Win32.ActiveCfg = Release|Win32
		{40946EB1-A434-4C62-B02E-F3E1BE4BE293}.Debug|Win32.ActiveCfg = Debug|Win32
		{40946EB1-A434-4C62-B02E-F3E1BE4BE293}.Debug|Win32.Build.0 = Debug|Win32
		{40946EB1-A434-4C62-B02E-F3E1BE4BE293}.DebugLinux|Win32.ActiveCfg = Debug|Win32
		{40946EB1-A434-4C62-B02E-F3E1BE4BE293}.Release|Win32.ActiveCfg = Release|Win32
		{40946EB1-A434-4C62-B02E-F3E1BE4BE293}.Release|Win32.Build.0 = Release|Win32
		{40946EB1-A434-4C62-B02E-F3E1BE4BE293}.ReleaseLinux|Win32.ActiveCfg = Release|Win32
		{94699964-B94E-4623-B51A-A2071F6C15DC}.Debug|Win32.ActiveCfg = Debug|Win32
		{94699964-B94E-4623-B51A-A2071F6C15DC}.Debug|Win32.Build.0 = Debug|Win32
		{94699964-B94E-4623-B51A-A2071F6C15DC}.DebugLinux|Win32.ActiveCfg = DebugLinux|Win32
		{94699964-B94E-4623-B51A-A2071F6C15DC}.DebugLinux|Win32.Build.0 = DebugLinux|Win32
		{94699964-B94E-4623-B51A-A2071F6C15DC}.Release|Win32.ActiveCfg = Release|Win32
		{94699964-B94E-4623-B51A-A2071F6C15DC}.Release|Win32.Build.0 = Release|Win32
		{94699964-B94E-4623-B51A-A2071F6C15DC}.ReleaseLinux|Win32.ActiveCfg = ReleaseLinux|Win32
		{94699964-B94E-4623-B51A-A2071F6C15DC}.ReleaseLinux|Win32.Build.0 = ReleaseLinux|Win32
	EndGlobalSection
	GlobalSection(SolutionProperties) = preSolution
		HideSolutionNode = FALSE
	EndGlobalSection
	GlobalSection(NestedProjects) = preSolution
		{94699964-B94E-4623-B51A-A2071F6C15DC} = {1F42F55C-3517-4EAA-8887-C13F6E01C439}
	EndGlobalSection
EndGlobal
