<?xml version="1.0" encoding="utf-8"?>
<Project ToolsVersion="4.0" xmlns="http://schemas.microsoft.com/developer/msbuild/2003">
  <ItemGroup>
    <Filter Include="Source Files">
      <UniqueIdentifier>{3319ab02-f134-420b-b863-b05cfe84444b}</UniqueIdentifier>
      <Extensions>cpp;c;cxx;rc;def;r;odl;idl;hpj;bat</Extensions>
    </Filter>
    <Filter Include="Header Files">
      <UniqueIdentifier>{b72c981e-59ee-4805-bd58-82e745a1899a}</UniqueIdentifier>
      <Extensions>h;hpp;hxx;hm;inl</Extensions>
    </Filter>
    <Filter Include="Resource Files">
      <UniqueIdentifier>{c41274e8-70b7-48f1-8040-667c5016e08a}</UniqueIdentifier>
      <Extensions>ico;cur;bmp;dlg;rc2;rct;bin;rgs;gif;jpg;jpeg;jpe</Extensions>
    </Filter>
  </ItemGroup>
  <ItemGroup>
    <ClCompile Include="MasterClient.cpp">
      <Filter>Source Files</Filter>
    </ClCompile>
    <ClCompile Include="MetaClient.cpp">
      <Filter>Source Files</Filter>
    </ClCompile>
    <ClCompile Include="MetaClientCommand.cpp">
      <Filter>Source Files</Filter>
    </ClCompile>
    <ClCompile Include="MetaClientMID.cpp">
      <Filter>Source Files</Filter>
    </ClCompile>
    <ClCompile Include="ProcessClient.cpp">
      <Filter>Source Files</Filter>
    </ClCompile>
  </ItemGroup>
  <ItemGroup>
    <ClInclude Include="Binary.h">
      <Filter>Header Files</Filter>
    </ClInclude>
    <ClInclude Include="GCQDll.h">
      <Filter>Header Files</Filter>
    </ClInclude>
    <ClInclude Include="MasterClient.h">
      <Filter>Header Files</Filter>
    </ClInclude>
    <ClInclude Include="MetaClient.h">
      <Filter>Header Files</Filter>
    </ClInclude>
    <ClInclude Include="PBM.h">
      <Filter>Header Files</Filter>
    </ClInclude>
    <ClInclude Include="ProcessClient.h">
      <Filter>Header Files</Filter>
    </ClInclude>
    <ClInclude Include="Resource.h">
      <Filter>Header Files</Filter>
    </ClInclude>
  </ItemGroup>
  <ItemGroup>
    <None Include="makefile" />
  </ItemGroup>
  <ItemGroup>
    <Xml Include="WinGDB.xml" />
  </ItemGroup>
</Project>