<?xml version="1.0" encoding="utf-8"?>
<Project ToolsVersion="4.0" xmlns="http://schemas.microsoft.com/developer/msbuild/2003">
  <ItemGroup>
    <Filter Include="Source Files">
      <UniqueIdentifier>{230d9db3-3140-455d-8e89-a478bbbba4f5}</UniqueIdentifier>
      <Extensions>cpp;c;cxx;rc;def;r;odl;idl;hpj;bat</Extensions>
    </Filter>
    <Filter Include="Header Files">
      <UniqueIdentifier>{ffd358cc-70c6-46fe-be0e-8baedb1511ed}</UniqueIdentifier>
      <Extensions>h;hpp;hxx;hm;inl</Extensions>
    </Filter>
    <Filter Include="Resource Files">
      <UniqueIdentifier>{1fc870d8-0c5c-420a-9a22-b0adbc9fd34b}</UniqueIdentifier>
      <Extensions>ico;cur;bmp;dlg;rc2;rct;bin;rgs;gif;jpg;jpeg;jpe</Extensions>
    </Filter>
  </ItemGroup>
  <ItemGroup>
    <ClCompile Include="TestAny.cpp">
      <Filter>Source Files</Filter>
    </ClCompile>
    <ClCompile Include="TestArray.cpp">
      <Filter>Source Files</Filter>
    </ClCompile>
    <ClCompile Include="TestBlank.cpp">
      <Filter>Source Files</Filter>
    </ClCompile>
    <ClCompile Include="TestClientServer.cpp">
      <Filter>Source Files</Filter>
    </ClCompile>
    <ClCompile Include="TestCodec.cpp">
      <Filter>Source Files</Filter>
    </ClCompile>
    <ClCompile Include="TestExceptionHandler.cpp">
      <Filter>Source Files</Filter>
    </ClCompile>
    <ClCompile Include="TestExpression.cpp">
      <Filter>Source Files</Filter>
    </ClCompile>
    <ClCompile Include="TestFIFO.cpp">
      <Filter>Source Files</Filter>
    </ClCompile>
    <ClCompile Include="TestFileDisk.cpp">
      <Filter>Source Files</Filter>
    </ClCompile>
    <ClCompile Include="TestMath.cpp">
      <Filter>Source Files</Filter>
    </ClCompile>
    <ClCompile Include="TestMD5.cpp">
      <Filter>Source Files</Filter>
    </ClCompile>
    <ClCompile Include="TestNBQueue.cpp">
      <Filter>Source Files</Filter>
    </ClCompile>
    <ClCompile Include="TestPath.cpp">
      <Filter>Source Files</Filter>
    </ClCompile>
    <ClCompile Include="TestProfiler.cpp">
      <Filter>Source Files</Filter>
    </ClCompile>
    <ClCompile Include="TestProperty.cpp">
      <Filter>Source Files</Filter>
    </ClCompile>
    <ClCompile Include="TestReferenced.cpp">
      <Filter>Source Files</Filter>
    </ClCompile>
    <ClCompile Include="TestSettings.cpp">
      <Filter>Source Files</Filter>
    </ClCompile>
    <ClCompile Include="TestStaticList.cpp">
      <Filter>Source Files</Filter>
    </ClCompile>
    <ClCompile Include="TestString.cpp">
      <Filter>Source Files</Filter>
    </ClCompile>
    <ClCompile Include="TestStringHash.cpp">
      <Filter>Source Files</Filter>
    </ClCompile>
    <ClCompile Include="TestThread.cpp">
      <Filter>Source Files</Filter>
    </ClCompile>
    <ClCompile Include="TestTime.cpp">
      <Filter>Source Files</Filter>
    </ClCompile>
    <ClCompile Include="TestTree.cpp">
      <Filter>Source Files</Filter>
    </ClCompile>
    <ClCompile Include="TestType.cpp">
      <Filter>Source Files</Filter>
    </ClCompile>
    <ClCompile Include="TestUDPServer.cpp">
      <Filter>Source Files</Filter>
    </ClCompile>
    <ClCompile Include="TestWeakDelegate.cpp">
      <Filter>Source Files</Filter>
    </ClCompile>
    <ClCompile Include="TestWidget.cpp">
      <Filter>Source Files</Filter>
    </ClCompile>
    <ClCompile Include="UnitTest.cpp">
      <Filter>Source Files</Filter>
    </ClCompile>
  </ItemGroup>
  <ItemGroup>
    <ClInclude Include="..\Standard\String.h">
      <Filter>Header Files</Filter>
    </ClInclude>
    <ClInclude Include="UnitTest.h">
      <Filter>Header Files</Filter>
    </ClInclude>
  </ItemGroup>
  <ItemGroup>
    <Text Include="ReadMe.txt" />
  </ItemGroup>
</Project>