<?xml version="1.0" encoding="utf-8"?>
<Project ToolsVersion="4.0" xmlns="http://schemas.microsoft.com/developer/msbuild/2003">
  <ItemGroup>
    <Filter Include="Source Files">
      <UniqueIdentifier>{2b291a45-d6b3-42b5-8259-3148ae355607}</UniqueIdentifier>
      <Extensions>cpp;c;cxx;rc;def;r;odl;idl;hpj;bat</Extensions>
    </Filter>
    <Filter Include="Resource Files">
      <UniqueIdentifier>{5630d52a-42c6-4be9-baf0-90af39fd3546}</UniqueIdentifier>
      <Extensions>ico;cur;bmp;dlg;rc2;rct;bin;rgs;gif;jpg;jpeg;jpe</Extensions>
    </Filter>
    <Filter Include="Header Files">
      <UniqueIdentifier>{4f829bee-66ce-426c-bd6e-3baff3c77b01}</UniqueIdentifier>
      <Extensions>h;hpp;hxx;hm;inl</Extensions>
    </Filter>
  </ItemGroup>
  <ItemGroup>
    <ClCompile Include="BaseNodePort.cpp">
      <Filter>Source Files</Filter>
    </ClCompile>
    <ClCompile Include="ChildFrame.cpp">
      <Filter>Source Files</Filter>
    </ClCompile>
    <ClCompile Include="NodePort.cpp">
      <Filter>Source Files</Filter>
    </ClCompile>
    <ClCompile Include="Port.cpp">
      <Filter>Source Files</Filter>
    </ClCompile>
    <ClCompile Include="PropertyView.cpp">
      <Filter>Source Files</Filter>
    </ClCompile>
    <ClCompile Include="SceneBits.cpp">
      <Filter>Source Files</Filter>
    </ClCompile>
    <ClCompile Include="ScenePort.cpp">
      <Filter>Source Files</Filter>
    </ClCompile>
    <ClCompile Include="SceneRender.cpp">
      <Filter>Source Files</Filter>
    </ClCompile>
    <ClCompile Include="SceneTree.cpp">
      <Filter>Source Files</Filter>
    </ClCompile>
    <ClCompile Include="SceneView.cpp">
      <Filter>Source Files</Filter>
    </ClCompile>
    <ClCompile Include="SegmentView.cpp">
      <Filter>Source Files</Filter>
    </ClCompile>
    <ClCompile Include="SelectNode.cpp">
      <Filter>Source Files</Filter>
    </ClCompile>
    <ClCompile Include="StdAfx.cpp">
      <Filter>Source Files</Filter>
    </ClCompile>
  </ItemGroup>
  <ItemGroup>
    <ResourceCompile Include="ScenePort.rc">
      <Filter>Source Files</Filter>
    </ResourceCompile>
  </ItemGroup>
  <ItemGroup>
    <Image Include="res\idr_node.ico">
      <Filter>Resource Files</Filter>
    </Image>
    <Image Include="res\idr_port.ico">
      <Filter>Resource Files</Filter>
    </Image>
    <Image Include="res\nodeport.bmp">
      <Filter>Resource Files</Filter>
    </Image>
    <Image Include="res\port.bmp">
      <Filter>Resource Files</Filter>
    </Image>
    <Image Include="res\port.ico">
      <Filter>Resource Files</Filter>
    </Image>
    <Image Include="res\renderba.bmp">
      <Filter>Resource Files</Filter>
    </Image>
  </ItemGroup>
  <ItemGroup>
    <None Include="res\ScenePort.rc2">
      <Filter>Resource Files</Filter>
    </None>
    <None Include="ScenePort.clw" />
  </ItemGroup>
  <ItemGroup>
    <ClInclude Include="BaseNodePort.h">
      <Filter>Header Files</Filter>
    </ClInclude>
    <ClInclude Include="ChildFrame.h">
      <Filter>Header Files</Filter>
    </ClInclude>
    <ClInclude Include="NodePort.h">
      <Filter>Header Files</Filter>
    </ClInclude>
    <ClInclude Include="Port.h">
      <Filter>Header Files</Filter>
    </ClInclude>
    <ClInclude Include="PropertyView.h">
      <Filter>Header Files</Filter>
    </ClInclude>
    <ClInclude Include="resource.h">
      <Filter>Header Files</Filter>
    </ClInclude>
    <ClInclude Include="SceneBits.h">
      <Filter>Header Files</Filter>
    </ClInclude>
    <ClInclude Include="ScenePortDll.h">
      <Filter>Header Files</Filter>
    </ClInclude>
    <ClInclude Include="SceneRender.h">
      <Filter>Header Files</Filter>
    </ClInclude>
    <ClInclude Include="SceneTree.h">
      <Filter>Header Files</Filter>
    </ClInclude>
    <ClInclude Include="SceneView.h">
      <Filter>Header Files</Filter>
    </ClInclude>
    <ClInclude Include="SegmentView.h">
      <Filter>Header Files</Filter>
    </ClInclude>
    <ClInclude Include="SelectNode.h">
      <Filter>Header Files</Filter>
    </ClInclude>
    <ClInclude Include="StdAfx.h">
      <Filter>Header Files</Filter>
    </ClInclude>
  </ItemGroup>
  <ItemGroup>
    <Text Include="ReadMe.txt">
      <Filter>Header Files</Filter>
    </Text>
  </ItemGroup>
</Project>