<?xml version="1.0" encoding="utf-8"?>
<Project ToolsVersion="4.0" xmlns="http://schemas.microsoft.com/developer/msbuild/2003">
  <ItemGroup>
    <Filter Include="Source Files">
      <UniqueIdentifier>{5d0a3c59-02d1-4908-b26a-60a0270e06c8}</UniqueIdentifier>
      <Extensions>cpp;c;cxx;rc;def;r;odl;idl;hpj;bat</Extensions>
    </Filter>
    <Filter Include="Header Files">
      <UniqueIdentifier>{e2014752-2ed1-4785-a279-56184bcde28d}</UniqueIdentifier>
      <Extensions>h;hpp;hxx;hm;inl</Extensions>
    </Filter>
    <Filter Include="Resource Files">
      <UniqueIdentifier>{22619437-c37d-4854-b856-2904c27841ba}</UniqueIdentifier>
      <Extensions>ico;cur;bmp;dlg;rc2;rct;bin;rgs;gif;jpg;jpeg;jpe</Extensions>
    </Filter>
  </ItemGroup>
  <ItemGroup>
    <ClCompile Include="ChildFrm.cpp">
      <Filter>Source Files</Filter>
    </ClCompile>
    <ClCompile Include="ChoosePorts.cpp">
      <Filter>Source Files</Filter>
    </ClCompile>
    <ClCompile Include="CreateDirectory.cpp">
      <Filter>Source Files</Filter>
    </ClCompile>
    <ClCompile Include="DirDialog.cpp">
      <Filter>Source Files</Filter>
    </ClCompile>
    <ClCompile Include="DocumentOptions.cpp">
      <Filter>Source Files</Filter>
    </ClCompile>
    <ClCompile Include="MessageList.cpp">
      <Filter>Source Files</Filter>
    </ClCompile>
    <ClCompile Include="Port.cpp">
      <Filter>Source Files</Filter>
    </ClCompile>
    <ClCompile Include="PortDepend.cpp">
      <Filter>Source Files</Filter>
    </ClCompile>
    <ClCompile Include="ProgDlg.cpp">
      <Filter>Source Files</Filter>
    </ClCompile>
    <ClCompile Include="PropertyEditorView.cpp">
      <Filter>Source Files</Filter>
    </ClCompile>
    <ClCompile Include="PropertyList.cpp">
      <Filter>Source Files</Filter>
    </ClCompile>
    <ClCompile Include="ResourcerDll.cpp">
      <Filter>Source Files</Filter>
    </ClCompile>
    <ClCompile Include="ResourcerDoc.cpp">
      <Filter>Source Files</Filter>
    </ClCompile>
    <ClCompile Include="ResourcerList.cpp">
      <Filter>Source Files</Filter>
    </ClCompile>
    <ClCompile Include="ResourcerMirrorClient.cpp">
      <Filter>Source Files</Filter>
    </ClCompile>
    <ClCompile Include="ResourcerTree.cpp">
      <Filter>Source Files</Filter>
    </ClCompile>
    <ClCompile Include="SelectBits.cpp">
      <Filter>Source Files</Filter>
    </ClCompile>
    <ClCompile Include="SelectClass.cpp">
      <Filter>Source Files</Filter>
    </ClCompile>
    <ClCompile Include="SelectImportPort.cpp">
      <Filter>Source Files</Filter>
    </ClCompile>
    <ClCompile Include="SelectPortType.cpp">
      <Filter>Source Files</Filter>
    </ClCompile>
    <ClCompile Include="SelectResource.cpp">
      <Filter>Source Files</Filter>
    </ClCompile>
    <ClCompile Include="StdAfx.cpp">
      <Filter>Source Files</Filter>
    </ClCompile>
  </ItemGroup>
  <ItemGroup>
    <ResourceCompile Include="ResourcerDoc.rc">
      <Filter>Source Files</Filter>
    </ResourceCompile>
  </ItemGroup>
  <ItemGroup>
    <ClInclude Include="ChildFrm.h">
      <Filter>Header Files</Filter>
    </ClInclude>
    <ClInclude Include="ChoosePorts.h">
      <Filter>Header Files</Filter>
    </ClInclude>
    <ClInclude Include="CreateDirectory.h">
      <Filter>Header Files</Filter>
    </ClInclude>
    <ClInclude Include="DirDialog.h">
      <Filter>Header Files</Filter>
    </ClInclude>
    <ClInclude Include="DirectoryWatch.h">
      <Filter>Header Files</Filter>
    </ClInclude>
    <ClInclude Include="DocumentOptions.h">
      <Filter>Header Files</Filter>
    </ClInclude>
    <ClInclude Include="MessageList.h">
      <Filter>Header Files</Filter>
    </ClInclude>
    <ClInclude Include="Port.h">
      <Filter>Header Files</Filter>
    </ClInclude>
    <ClInclude Include="PortDepend.h">
      <Filter>Header Files</Filter>
    </ClInclude>
    <ClInclude Include="ProgDlg.h">
      <Filter>Header Files</Filter>
    </ClInclude>
    <ClInclude Include="PropertyEditorView.h">
      <Filter>Header Files</Filter>
    </ClInclude>
    <ClInclude Include="PropertyList.h">
      <Filter>Header Files</Filter>
    </ClInclude>
    <ClInclude Include="Resource.h">
      <Filter>Header Files</Filter>
    </ClInclude>
    <ClInclude Include="ResourcerDll.h">
      <Filter>Header Files</Filter>
    </ClInclude>
    <ClInclude Include="ResourcerDoc.h">
      <Filter>Header Files</Filter>
    </ClInclude>
    <ClInclude Include="ResourcerList.h">
      <Filter>Header Files</Filter>
    </ClInclude>
    <ClInclude Include="ResourcerMirrorClient.h">
      <Filter>Header Files</Filter>
    </ClInclude>
    <ClInclude Include="ResourcerTree.h">
      <Filter>Header Files</Filter>
    </ClInclude>
    <ClInclude Include="SelectBits.h">
      <Filter>Header Files</Filter>
    </ClInclude>
    <ClInclude Include="SelectClass.h">
      <Filter>Header Files</Filter>
    </ClInclude>
    <ClInclude Include="SelectImportPort.h">
      <Filter>Header Files</Filter>
    </ClInclude>
    <ClInclude Include="SelectPortType.h">
      <Filter>Header Files</Filter>
    </ClInclude>
    <ClInclude Include="SelectResource.h">
      <Filter>Header Files</Filter>
    </ClInclude>
    <ClInclude Include="StdAfx.h">
      <Filter>Header Files</Filter>
    </ClInclude>
  </ItemGroup>
  <ItemGroup>
    <Image Include="res\array_ad.ico">
      <Filter>Resource Files</Filter>
    </Image>
    <Image Include="res\array_op.ico">
      <Filter>Resource Files</Filter>
    </Image>
    <Image Include="res\bitmap1.bmp">
      <Filter>Resource Files</Filter>
    </Image>
    <Image Include="res\ico00001.ico">
      <Filter>Resource Files</Filter>
    </Image>
    <Image Include="res\icon1.ico">
      <Filter>Resource Files</Filter>
    </Image>
    <Image Include="res\icon2.ico">
      <Filter>Resource Files</Filter>
    </Image>
    <Image Include="res\locked1.ico">
      <Filter>Resource Files</Filter>
    </Image>
    <Image Include="res\Toolbar.bmp">
      <Filter>Resource Files</Filter>
    </Image>
    <Image Include="res\tree_ope.ico">
      <Filter>Resource Files</Filter>
    </Image>
    <Image Include="res\tree_plu.ico">
      <Filter>Resource Files</Filter>
    </Image>
    <Image Include="res\update1.ico">
      <Filter>Resource Files</Filter>
    </Image>
  </ItemGroup>
  <ItemGroup>
    <None Include="res\ResourcerDoc.rc2">
      <Filter>Resource Files</Filter>
    </None>
    <None Include="ResourcerDoc.clw" />
    <None Include="Release\ResourcerDoc.map" />
  </ItemGroup>
  <ItemGroup>
    <Text Include="ReadMe.txt" />
  </ItemGroup>
</Project>