Microsoft Visual Studio Solution File, Format Version 9.00
# Visual Studio 2005
Project("{8BC9CEB8-8B4A-11D0-8D11-00A0C91BC942}") = "Bin", "Bin\Bin.vcproj", "{A2523589-7729-4489-B5C2-BB42B7EF5BE9}"
	ProjectSection(ProjectDependencies) = postProject
		{E0A8E720-5A25-48FC-9456-6D1827EC7BAA} = {E0A8E720-5A25-48FC-9456-6D1827EC7BAA}
		{DEF71248-B5E5-4BA3-83F7-120D7EF9B473} = {DEF71248-B5E5-4BA3-83F7-120D7EF9B473}
		{93AD8E65-FB3A-414D-BA0B-6E8FFDDB6CAB} = {93AD8E65-FB3A-414D-BA0B-6E8FFDDB6CAB}
		{7FC885C7-5844-4A6F-9684-8AD4AF560547} = {7FC885C7-5844-4A6F-9684-8AD4AF560547}
		{18B80ECB-53AE-47E1-AF11-0C994CAC2C1D} = {18B80ECB-53AE-47E1-AF11-0C994CAC2C1D}
		{416F1CD7-7FEE-42A4-8EC6-0C2353BF698E} = {416F1CD7-7FEE-42A4-8EC6-0C2353BF698E}
		{CD91E4F5-1AFF-476D-94BE-C9770ACFAF98} = {CD91E4F5-1AFF-476D-94BE-C9770ACFAF98}
		{CA7140F6-AC79-4007-8221-3A4C44BF9952} = {CA7140F6-AC79-4007-8221-3A4C44BF9952}
		{E2C788F7-5D94-4A28-A68E-0DD48D5C35B6} = {E2C788F7-5D94-4A28-A68E-0DD48D5C35B6}
		{1E5779FC-265E-4331-AAAD-79AAFD688DA4} = {1E5779FC-265E-4331-AAAD-79AAFD688DA4}
	EndProjectSection
EndProject
Project("{8BC9CEB8-8B4A-11D0-8D11-00A0C91BC942}") = "CollectionPort", "CollectionPort\CollectionPort.vcproj", "{8B623ACE-B07A-4F5B-8F46-5DF1ABD0996B}"
	ProjectSection(ProjectDependencies) = postProject
		{93AD8E65-FB3A-414D-BA0B-6E8FFDDB6CAB} = {93AD8E65-FB3A-414D-BA0B-6E8FFDDB6CAB}
		{E2C788F7-5D94-4A28-A68E-0DD48D5C35B6} = {E2C788F7-5D94-4A28-A68E-0DD48D5C35B6}
	EndProjectSection
EndProject
Project("{8BC9CEB8-8B4A-11D0-8D11-00A0C91BC942}") = "Docs", "Docs\Docs.vcproj", "{AB16FF21-98F7-425B-A868-360501331F86}"
EndProject
Project("{8BC9CEB8-8B4A-11D0-8D11-00A0C91BC942}") = "FontPort", "FontPort\FontPort.vcproj", "{04BDD68B-256F-44F2-846F-D8ABD9CF03E4}"
	ProjectSection(ProjectDependencies) = postProject
		{93AD8E65-FB3A-414D-BA0B-6E8FFDDB6CAB} = {93AD8E65-FB3A-414D-BA0B-6E8FFDDB6CAB}
		{E2C788F7-5D94-4A28-A68E-0DD48D5C35B6} = {E2C788F7-5D94-4A28-A68E-0DD48D5C35B6}
	EndProjectSection
EndProject
Project("{8BC9CEB8-8B4A-11D0-8D11-00A0C91BC942}") = "ImagePort", "ImagePort\ImagePort.vcproj", "{5ABE315C-55DA-4B9E-BD28-8D7FE33BA7F6}"
	ProjectSection(ProjectDependencies) = postProject
		{93AD8E65-FB3A-414D-BA0B-6E8FFDDB6CAB} = {93AD8E65-FB3A-414D-BA0B-6E8FFDDB6CAB}
		{E2C788F7-5D94-4A28-A68E-0DD48D5C35B6} = {E2C788F7-5D94-4A28-A68E-0DD48D5C35B6}
	EndProjectSection
EndProject
Project("{8BC9CEB8-8B4A-11D0-8D11-00A0C91BC942}") = "InterfaceContextPort", "InterfaceContextPort\InterfaceContextPort.vcproj", "{51B4EDE4-8037-4215-9C94-826C82ABA801}"
	ProjectSection(ProjectDependencies) = postProject
		{93AD8E65-FB3A-414D-BA0B-6E8FFDDB6CAB} = {93AD8E65-FB3A-414D-BA0B-6E8FFDDB6CAB}
		{CD91E4F5-1AFF-476D-94BE-C9770ACFAF98} = {CD91E4F5-1AFF-476D-94BE-C9770ACFAF98}
		{E2C788F7-5D94-4A28-A68E-0DD48D5C35B6} = {E2C788F7-5D94-4A28-A68E-0DD48D5C35B6}
		{51D6F1FC-D072-4035-B8FA-F894D0B222BE} = {51D6F1FC-D072-4035-B8FA-F894D0B222BE}
		{030F7215-ECBB-4CFC-8F73-B406A7AC5464} = {030F7215-ECBB-4CFC-8F73-B406A7AC5464}
		{A907455E-B47F-4489-9C7E-B569444CC3AB} = {A907455E-B47F-4489-9C7E-B569444CC3AB}
	EndProjectSection
EndProject
Project("{8BC9CEB8-8B4A-11D0-8D11-00A0C91BC942}") = "MakeUN", "MakeUN\MakeUN.vcproj", "{DEF71248-B5E5-4BA3-83F7-120D7EF9B473}"
	ProjectSection(ProjectDependencies) = postProject
		{93AD8E65-FB3A-414D-BA0B-6E8FFDDB6CAB} = {93AD8E65-FB3A-414D-BA0B-6E8FFDDB6CAB}
	EndProjectSection
EndProject
Project("{8BC9CEB8-8B4A-11D0-8D11-00A0C91BC942}") = "MaterialPort", "MaterialPort\MaterialPort.vcproj", "{030F7215-ECBB-4CFC-8F73-B406A7AC5464}"
	ProjectSection(ProjectDependencies) = postProject
		{18B80ECB-53AE-47E1-AF11-0C994CAC2C1D} = {18B80ECB-53AE-47E1-AF11-0C994CAC2C1D}
		{E2C788F7-5D94-4A28-A68E-0DD48D5C35B6} = {E2C788F7-5D94-4A28-A68E-0DD48D5C35B6}
		{93AD8E65-FB3A-414D-BA0B-6E8FFDDB6CAB} = {93AD8E65-FB3A-414D-BA0B-6E8FFDDB6CAB}
		{5ABE315C-55DA-4B9E-BD28-8D7FE33BA7F6} = {5ABE315C-55DA-4B9E-BD28-8D7FE33BA7F6}
	EndProjectSection
EndProject
Project("{8BC9CEB8-8B4A-11D0-8D11-00A0C91BC942}") = "MusicPort", "MusicPort\MusicPort.vcproj", "{AFD13FF6-644B-4FAD-AB36-1B18DE4967FA}"
	ProjectSection(ProjectDependencies) = postProject
		{93AD8E65-FB3A-414D-BA0B-6E8FFDDB6CAB} = {93AD8E65-FB3A-414D-BA0B-6E8FFDDB6CAB}
		{E2C788F7-5D94-4A28-A68E-0DD48D5C35B6} = {E2C788F7-5D94-4A28-A68E-0DD48D5C35B6}
	EndProjectSection
EndProject
Project("{8BC9CEB8-8B4A-11D0-8D11-00A0C91BC942}") = "NodeBlurPort", "NodeBlurPort\NodeBlurPort.vcproj", "{26F01B02-C621-4DB8-B33B-A5ACC8DA8667}"
	ProjectSection(ProjectDependencies) = postProject
		{E2C788F7-5D94-4A28-A68E-0DD48D5C35B6} = {E2C788F7-5D94-4A28-A68E-0DD48D5C35B6}
		{93AD8E65-FB3A-414D-BA0B-6E8FFDDB6CAB} = {93AD8E65-FB3A-414D-BA0B-6E8FFDDB6CAB}
		{A907455E-B47F-4489-9C7E-B569444CC3AB} = {A907455E-B47F-4489-9C7E-B569444CC3AB}
	EndProjectSection
EndProject
Project("{8BC9CEB8-8B4A-11D0-8D11-00A0C91BC942}") = "NodeBooleanPort", "NodeBooleanPort\NodeBooleanPort.vcproj", "{2DBA5F9F-86D6-4AA4-86BB-EE6E63743347}"
	ProjectSection(ProjectDependencies) = postProject
		{E2C788F7-5D94-4A28-A68E-0DD48D5C35B6} = {E2C788F7-5D94-4A28-A68E-0DD48D5C35B6}
		{93AD8E65-FB3A-414D-BA0B-6E8FFDDB6CAB} = {93AD8E65-FB3A-414D-BA0B-6E8FFDDB6CAB}
		{A907455E-B47F-4489-9C7E-B569444CC3AB} = {A907455E-B47F-4489-9C7E-B569444CC3AB}
	EndProjectSection
EndProject
Project("{8BC9CEB8-8B4A-11D0-8D11-00A0C91BC942}") = "NodeBooleanTimePort", "NodeBooleanTimePort\NodeBooleanTimePort.vcproj", "{4BC5E20E-CD1A-4A46-89F4-49349BB5FAC2}"
	ProjectSection(ProjectDependencies) = postProject
		{E2C788F7-5D94-4A28-A68E-0DD48D5C35B6} = {E2C788F7-5D94-4A28-A68E-0DD48D5C35B6}
		{93AD8E65-FB3A-414D-BA0B-6E8FFDDB6CAB} = {93AD8E65-FB3A-414D-BA0B-6E8FFDDB6CAB}
		{A907455E-B47F-4489-9C7E-B569444CC3AB} = {A907455E-B47F-4489-9C7E-B569444CC3AB}
	EndProjectSection
EndProject
Project("{8BC9CEB8-8B4A-11D0-8D11-00A0C91BC942}") = "NodeComplexMeshPort", "NodeComplexMeshPort\NodeComplexMeshPort.vcproj", "{5EF7E848-2518-4804-9D41-5700D82EF8D6}"
	ProjectSection(ProjectDependencies) = postProject
		{A907455E-B47F-4489-9C7E-B569444CC3AB} = {A907455E-B47F-4489-9C7E-B569444CC3AB}
		{93AD8E65-FB3A-414D-BA0B-6E8FFDDB6CAB} = {93AD8E65-FB3A-414D-BA0B-6E8FFDDB6CAB}
		{E2C788F7-5D94-4A28-A68E-0DD48D5C35B6} = {E2C788F7-5D94-4A28-A68E-0DD48D5C35B6}
		{5ABE315C-55DA-4B9E-BD28-8D7FE33BA7F6} = {5ABE315C-55DA-4B9E-BD28-8D7FE33BA7F6}
		{030F7215-ECBB-4CFC-8F73-B406A7AC5464} = {030F7215-ECBB-4CFC-8F73-B406A7AC5464}
	EndProjectSection
EndProject
Project("{8BC9CEB8-8B4A-11D0-8D11-00A0C91BC942}") = "NodeDecalPort", "NodeDecalPort\NodeDecalPort.vcproj", "{B9453556-800D-4929-82DE-0BE8EBFE3FF5}"
	ProjectSection(ProjectDependencies) = postProject
		{E2C788F7-5D94-4A28-A68E-0DD48D5C35B6} = {E2C788F7-5D94-4A28-A68E-0DD48D5C35B6}
		{93AD8E65-FB3A-414D-BA0B-6E8FFDDB6CAB} = {93AD8E65-FB3A-414D-BA0B-6E8FFDDB6CAB}
		{A907455E-B47F-4489-9C7E-B569444CC3AB} = {A907455E-B47F-4489-9C7E-B569444CC3AB}
	EndProjectSection
EndProject
Project("{8BC9CEB8-8B4A-11D0-8D11-00A0C91BC942}") = "NodeDetailPort", "NodeDetailPort\NodeDetailPort.vcproj", "{DA84703F-A063-4397-9289-732EBACA7692}"
	ProjectSection(ProjectDependencies) = postProject
		{E2C788F7-5D94-4A28-A68E-0DD48D5C35B6} = {E2C788F7-5D94-4A28-A68E-0DD48D5C35B6}
		{93AD8E65-FB3A-414D-BA0B-6E8FFDDB6CAB} = {93AD8E65-FB3A-414D-BA0B-6E8FFDDB6CAB}
		{A907455E-B47F-4489-9C7E-B569444CC3AB} = {A907455E-B47F-4489-9C7E-B569444CC3AB}
	EndProjectSection
EndProject
Project("{8BC9CEB8-8B4A-11D0-8D11-00A0C91BC942}") = "NodeFlarePort", "NodeFlarePort\NodeFlarePort.vcproj", "{28704487-E9EC-4147-88A9-4B1F641B1870}"
	ProjectSection(ProjectDependencies) = postProject
		{E2C788F7-5D94-4A28-A68E-0DD48D5C35B6} = {E2C788F7-5D94-4A28-A68E-0DD48D5C35B6}
		{93AD8E65-FB3A-414D-BA0B-6E8FFDDB6CAB} = {93AD8E65-FB3A-414D-BA0B-6E8FFDDB6CAB}
		{A907455E-B47F-4489-9C7E-B569444CC3AB} = {A907455E-B47F-4489-9C7E-B569444CC3AB}
	EndProjectSection
EndProject
Project("{8BC9CEB8-8B4A-11D0-8D11-00A0C91BC942}") = "NodeGlarePort", "NodeGlarePort\NodeGlarePort.vcproj", "{83164838-CF31-434A-8D5E-206CD8707626}"
	ProjectSection(ProjectDependencies) = postProject
		{E2C788F7-5D94-4A28-A68E-0DD48D5C35B6} = {E2C788F7-5D94-4A28-A68E-0DD48D5C35B6}
		{93AD8E65-FB3A-414D-BA0B-6E8FFDDB6CAB} = {93AD8E65-FB3A-414D-BA0B-6E8FFDDB6CAB}
		{A907455E-B47F-4489-9C7E-B569444CC3AB} = {A907455E-B47F-4489-9C7E-B569444CC3AB}
	EndProjectSection
EndProject
Project("{8BC9CEB8-8B4A-11D0-8D11-00A0C91BC942}") = "NodeLightPort", "NodeLightPort\NodeLightPort.vcproj", "{712A44D3-1AC0-4285-9F3F-8F88528D9BE7}"
	ProjectSection(ProjectDependencies) = postProject
		{E2C788F7-5D94-4A28-A68E-0DD48D5C35B6} = {E2C788F7-5D94-4A28-A68E-0DD48D5C35B6}
		{93AD8E65-FB3A-414D-BA0B-6E8FFDDB6CAB} = {93AD8E65-FB3A-414D-BA0B-6E8FFDDB6CAB}
		{A907455E-B47F-4489-9C7E-B569444CC3AB} = {A907455E-B47F-4489-9C7E-B569444CC3AB}
	EndProjectSection
EndProject
Project("{8BC9CEB8-8B4A-11D0-8D11-00A0C91BC942}") = "NodeMeshPort", "NodeMeshPort\NodeMeshPort.vcproj", "{DDFEDF25-DED6-4DD0-ACA9-C1C370A05DBD}"
	ProjectSection(ProjectDependencies) = postProject
		{030F7215-ECBB-4CFC-8F73-B406A7AC5464} = {030F7215-ECBB-4CFC-8F73-B406A7AC5464}
		{A907455E-B47F-4489-9C7E-B569444CC3AB} = {A907455E-B47F-4489-9C7E-B569444CC3AB}
		{E2C788F7-5D94-4A28-A68E-0DD48D5C35B6} = {E2C788F7-5D94-4A28-A68E-0DD48D5C35B6}
		{93AD8E65-FB3A-414D-BA0B-6E8FFDDB6CAB} = {93AD8E65-FB3A-414D-BA0B-6E8FFDDB6CAB}
	EndProjectSection
EndProject
Project("{8BC9CEB8-8B4A-11D0-8D11-00A0C91BC942}") = "NodeParticleField", "NodeParticleField\NodeParticleField.vcproj", "{B2ED6CCE-54F0-4570-8954-44B06038B7BC}"
	ProjectSection(ProjectDependencies) = postProject
		{E2C788F7-5D94-4A28-A68E-0DD48D5C35B6} = {E2C788F7-5D94-4A28-A68E-0DD48D5C35B6}
		{93AD8E65-FB3A-414D-BA0B-6E8FFDDB6CAB} = {93AD8E65-FB3A-414D-BA0B-6E8FFDDB6CAB}
		{A907455E-B47F-4489-9C7E-B569444CC3AB} = {A907455E-B47F-4489-9C7E-B569444CC3AB}
	EndProjectSection
EndProject
Project("{8BC9CEB8-8B4A-11D0-8D11-00A0C91BC942}") = "NodeParticleSystem2Port", "NodeParticleSystem2Port\NodeParticleSystem2Port.vcproj", "{4D6813FC-82DF-4AE0-B8CB-D509F23865D3}"
	ProjectSection(ProjectDependencies) = postProject
		{A907455E-B47F-4489-9C7E-B569444CC3AB} = {A907455E-B47F-4489-9C7E-B569444CC3AB}
		{93AD8E65-FB3A-414D-BA0B-6E8FFDDB6CAB} = {93AD8E65-FB3A-414D-BA0B-6E8FFDDB6CAB}
		{E2C788F7-5D94-4A28-A68E-0DD48D5C35B6} = {E2C788F7-5D94-4A28-A68E-0DD48D5C35B6}
	EndProjectSection
EndProject
Project("{8BC9CEB8-8B4A-11D0-8D11-00A0C91BC942}") = "NodeParticleSystemPort", "NodeParticleSystemPort\NodeParticleSystemPort.vcproj", "{17CF3DF8-9F00-459E-AB86-B375B60D3951}"
	ProjectSection(ProjectDependencies) = postProject
		{A907455E-B47F-4489-9C7E-B569444CC3AB} = {A907455E-B47F-4489-9C7E-B569444CC3AB}
		{93AD8E65-FB3A-414D-BA0B-6E8FFDDB6CAB} = {93AD8E65-FB3A-414D-BA0B-6E8FFDDB6CAB}
		{E2C788F7-5D94-4A28-A68E-0DD48D5C35B6} = {E2C788F7-5D94-4A28-A68E-0DD48D5C35B6}
	EndProjectSection
EndProject
Project("{8BC9CEB8-8B4A-11D0-8D11-00A0C91BC942}") = "NodePathPort", "NodePathPort\NodePathPort.vcproj", "{2EE4FBD2-C7D7-46D0-9B1D-25766E06BA23}"
	ProjectSection(ProjectDependencies) = postProject
		{A907455E-B47F-4489-9C7E-B569444CC3AB} = {A907455E-B47F-4489-9C7E-B569444CC3AB}
		{93AD8E65-FB3A-414D-BA0B-6E8FFDDB6CAB} = {93AD8E65-FB3A-414D-BA0B-6E8FFDDB6CAB}
		{E2C788F7-5D94-4A28-A68E-0DD48D5C35B6} = {E2C788F7-5D94-4A28-A68E-0DD48D5C35B6}
	EndProjectSection
EndProject
Project("{8BC9CEB8-8B4A-11D0-8D11-00A0C91BC942}") = "NodeScalePort", "NodeScalePort\NodeScalePort.vcproj", "{4DC76E60-C3B7-4A98-957E-4F4D33CE2384}"
	ProjectSection(ProjectDependencies) = postProject
		{E2C788F7-5D94-4A28-A68E-0DD48D5C35B6} = {E2C788F7-5D94-4A28-A68E-0DD48D5C35B6}
		{93AD8E65-FB3A-414D-BA0B-6E8FFDDB6CAB} = {93AD8E65-FB3A-414D-BA0B-6E8FFDDB6CAB}
		{A907455E-B47F-4489-9C7E-B569444CC3AB} = {A907455E-B47F-4489-9C7E-B569444CC3AB}
	EndProjectSection
EndProject
Project("{8BC9CEB8-8B4A-11D0-8D11-00A0C91BC942}") = "NodeScenePort", "NodeScenePort\NodeScenePort.vcproj", "{2B83344F-9577-4727-B66E-DEE5FB0DD68C}"
	ProjectSection(ProjectDependencies) = postProject
		{E2C788F7-5D94-4A28-A68E-0DD48D5C35B6} = {E2C788F7-5D94-4A28-A68E-0DD48D5C35B6}
		{93AD8E65-FB3A-414D-BA0B-6E8FFDDB6CAB} = {93AD8E65-FB3A-414D-BA0B-6E8FFDDB6CAB}
		{A907455E-B47F-4489-9C7E-B569444CC3AB} = {A907455E-B47F-4489-9C7E-B569444CC3AB}
	EndProjectSection
EndProject
Project("{8BC9CEB8-8B4A-11D0-8D11-00A0C91BC942}") = "NodeSoundPort", "NodeSoundPort\NodeSoundPort.vcproj", "{F76D56FD-D497-4295-AF7C-EA9386163380}"
	ProjectSection(ProjectDependencies) = postProject
		{E2C788F7-5D94-4A28-A68E-0DD48D5C35B6} = {E2C788F7-5D94-4A28-A68E-0DD48D5C35B6}
		{93AD8E65-FB3A-414D-BA0B-6E8FFDDB6CAB} = {93AD8E65-FB3A-414D-BA0B-6E8FFDDB6CAB}
		{A907455E-B47F-4489-9C7E-B569444CC3AB} = {A907455E-B47F-4489-9C7E-B569444CC3AB}
	EndProjectSection
EndProject
Project("{8BC9CEB8-8B4A-11D0-8D11-00A0C91BC942}") = "NodeSpinPort", "NodeSpinPort\NodeSpinPort.vcproj", "{487A3F15-5BEF-4CB0-8799-6ADF4F8D8DF2}"
	ProjectSection(ProjectDependencies) = postProject
		{A907455E-B47F-4489-9C7E-B569444CC3AB} = {A907455E-B47F-4489-9C7E-B569444CC3AB}
		{93AD8E65-FB3A-414D-BA0B-6E8FFDDB6CAB} = {93AD8E65-FB3A-414D-BA0B-6E8FFDDB6CAB}
		{E2C788F7-5D94-4A28-A68E-0DD48D5C35B6} = {E2C788F7-5D94-4A28-A68E-0DD48D5C35B6}
	EndProjectSection
EndProject
Project("{8BC9CEB8-8B4A-11D0-8D11-00A0C91BC942}") = "NodeSpritePort", "NodeSpritePort\NodeSpritePort.vcproj", "{E41A1182-BA9A-4615-BF18-FE3D42407DBD}"
	ProjectSection(ProjectDependencies) = postProject
		{A907455E-B47F-4489-9C7E-B569444CC3AB} = {A907455E-B47F-4489-9C7E-B569444CC3AB}
		{93AD8E65-FB3A-414D-BA0B-6E8FFDDB6CAB} = {93AD8E65-FB3A-414D-BA0B-6E8FFDDB6CAB}
		{E2C788F7-5D94-4A28-A68E-0DD48D5C35B6} = {E2C788F7-5D94-4A28-A68E-0DD48D5C35B6}
	EndProjectSection
EndProject
Project("{8BC9CEB8-8B4A-11D0-8D11-00A0C91BC942}") = "NodeWindowPort", "NodeWindowPort\NodeWindowPort.vcproj", "{1DF5BE97-EE00-41D1-B49F-A0F49A803D31}"
	ProjectSection(ProjectDependencies) = postProject
		{A907455E-B47F-4489-9C7E-B569444CC3AB} = {A907455E-B47F-4489-9C7E-B569444CC3AB}
		{93AD8E65-FB3A-414D-BA0B-6E8FFDDB6CAB} = {93AD8E65-FB3A-414D-BA0B-6E8FFDDB6CAB}
		{E2C788F7-5D94-4A28-A68E-0DD48D5C35B6} = {E2C788F7-5D94-4A28-A68E-0DD48D5C35B6}
	EndProjectSection
EndProject
Project("{8BC9CEB8-8B4A-11D0-8D11-00A0C91BC942}") = "ProfilerClient", "ProfilerClient\ProfilerClient.vcproj", "{E0A8E720-5A25-48FC-9456-6D1827EC7BAA}"
	ProjectSection(ProjectDependencies) = postProject
		{1E5779FC-265E-4331-AAAD-79AAFD688DA4} = {1E5779FC-265E-4331-AAAD-79AAFD688DA4}
		{93AD8E65-FB3A-414D-BA0B-6E8FFDDB6CAB} = {93AD8E65-FB3A-414D-BA0B-6E8FFDDB6CAB}
	EndProjectSection
EndProject
Project("{8BC9CEB8-8B4A-11D0-8D11-00A0C91BC942}") = "Resourcer", "Resourcer\Resourcer.vcproj", "{75497DF2-0C78-4129-900D-09ABA10FA45E}"
	ProjectSection(ProjectDependencies) = postProject
		{93AD8E65-FB3A-414D-BA0B-6E8FFDDB6CAB} = {93AD8E65-FB3A-414D-BA0B-6E8FFDDB6CAB}
		{E2C788F7-5D94-4A28-A68E-0DD48D5C35B6} = {E2C788F7-5D94-4A28-A68E-0DD48D5C35B6}
	EndProjectSection
EndProject
Project("{8BC9CEB8-8B4A-11D0-8D11-00A0C91BC942}") = "ResourcerDoc", "ResourcerDoc\ResourcerDoc.vcproj", "{E2C788F7-5D94-4A28-A68E-0DD48D5C35B6}"
	ProjectSection(ProjectDependencies) = postProject
		{93AD8E65-FB3A-414D-BA0B-6E8FFDDB6CAB} = {93AD8E65-FB3A-414D-BA0B-6E8FFDDB6CAB}
		{1E5779FC-265E-4331-AAAD-79AAFD688DA4} = {1E5779FC-265E-4331-AAAD-79AAFD688DA4}
	EndProjectSection
EndProject
Project("{8BC9CEB8-8B4A-11D0-8D11-00A0C91BC942}") = "ScenePort", "ScenePort\ScenePort.vcproj", "{A907455E-B47F-4489-9C7E-B569444CC3AB}"
	ProjectSection(ProjectDependencies) = postProject
		{030F7215-ECBB-4CFC-8F73-B406A7AC5464} = {030F7215-ECBB-4CFC-8F73-B406A7AC5464}
		{5ABE315C-55DA-4B9E-BD28-8D7FE33BA7F6} = {5ABE315C-55DA-4B9E-BD28-8D7FE33BA7F6}
		{18B80ECB-53AE-47E1-AF11-0C994CAC2C1D} = {18B80ECB-53AE-47E1-AF11-0C994CAC2C1D}
		{E2C788F7-5D94-4A28-A68E-0DD48D5C35B6} = {E2C788F7-5D94-4A28-A68E-0DD48D5C35B6}
		{93AD8E65-FB3A-414D-BA0B-6E8FFDDB6CAB} = {93AD8E65-FB3A-414D-BA0B-6E8FFDDB6CAB}
	EndProjectSection
EndProject
Project("{8BC9CEB8-8B4A-11D0-8D11-00A0C91BC942}") = "SoundPort", "SoundPort\SoundPort.vcproj", "{4D9F0FE0-73D7-4C79-891F-25B7E2DF1415}"
	ProjectSection(ProjectDependencies) = postProject
		{93AD8E65-FB3A-414D-BA0B-6E8FFDDB6CAB} = {93AD8E65-FB3A-414D-BA0B-6E8FFDDB6CAB}
		{E2C788F7-5D94-4A28-A68E-0DD48D5C35B6} = {E2C788F7-5D94-4A28-A68E-0DD48D5C35B6}
	EndProjectSection
EndProject
Project("{8BC9CEB8-8B4A-11D0-8D11-00A0C91BC942}") = "TextPort", "TextPort\TextPort.vcproj", "{871E6A8F-9D1D-4981-B888-A917259F1377}"
	ProjectSection(ProjectDependencies) = postProject
		{93AD8E65-FB3A-414D-BA0B-6E8FFDDB6CAB} = {93AD8E65-FB3A-414D-BA0B-6E8FFDDB6CAB}
		{E2C788F7-5D94-4A28-A68E-0DD48D5C35B6} = {E2C788F7-5D94-4A28-A68E-0DD48D5C35B6}
	EndProjectSection
EndProject
Project("{8BC9CEB8-8B4A-11D0-8D11-00A0C91BC942}") = "WindowButtonPort", "WindowButtonPort\WindowButtonPort.vcproj", "{DDFD849C-E66F-44B0-9423-1049EB49DBE9}"
	ProjectSection(ProjectDependencies) = postProject
		{A907455E-B47F-4489-9C7E-B569444CC3AB} = {A907455E-B47F-4489-9C7E-B569444CC3AB}
		{CD91E4F5-1AFF-476D-94BE-C9770ACFAF98} = {CD91E4F5-1AFF-476D-94BE-C9770ACFAF98}
		{93AD8E65-FB3A-414D-BA0B-6E8FFDDB6CAB} = {93AD8E65-FB3A-414D-BA0B-6E8FFDDB6CAB}
		{E2C788F7-5D94-4A28-A68E-0DD48D5C35B6} = {E2C788F7-5D94-4A28-A68E-0DD48D5C35B6}
		{1DF5BE97-EE00-41D1-B49F-A0F49A803D31} = {1DF5BE97-EE00-41D1-B49F-A0F49A803D31}
	EndProjectSection
EndProject
Project("{8BC9CEB8-8B4A-11D0-8D11-00A0C91BC942}") = "WindowStylePort", "WindowStylePort\WindowStylePort.vcproj", "{51D6F1FC-D072-4035-B8FA-F894D0B222BE}"
	ProjectSection(ProjectDependencies) = postProject
		{CD91E4F5-1AFF-476D-94BE-C9770ACFAF98} = {CD91E4F5-1AFF-476D-94BE-C9770ACFAF98}
		{93AD8E65-FB3A-414D-BA0B-6E8FFDDB6CAB} = {93AD8E65-FB3A-414D-BA0B-6E8FFDDB6CAB}
		{E2C788F7-5D94-4A28-A68E-0DD48D5C35B6} = {E2C788F7-5D94-4A28-A68E-0DD48D5C35B6}
	EndProjectSection
EndProject
Project("{8BC9CEB8-8B4A-11D0-8D11-00A0C91BC942}") = "WindowTextPort", "WindowTextPort\WindowTextPort.vcproj", "{C8426F63-506D-491D-99B1-54ACAE7B0CCA}"
	ProjectSection(ProjectDependencies) = postProject
		{CD91E4F5-1AFF-476D-94BE-C9770ACFAF98} = {CD91E4F5-1AFF-476D-94BE-C9770ACFAF98}
		{1DF5BE97-EE00-41D1-B49F-A0F49A803D31} = {1DF5BE97-EE00-41D1-B49F-A0F49A803D31}
		{93AD8E65-FB3A-414D-BA0B-6E8FFDDB6CAB} = {93AD8E65-FB3A-414D-BA0B-6E8FFDDB6CAB}
		{E2C788F7-5D94-4A28-A68E-0DD48D5C35B6} = {E2C788F7-5D94-4A28-A68E-0DD48D5C35B6}
	EndProjectSection
EndProject
Project("{8BC9CEB8-8B4A-11D0-8D11-00A0C91BC942}") = "WindowViewPort", "WindowViewPort\WindowViewPort.vcproj", "{59DE0CE8-EA20-4262-B470-A02805B4C0FE}"
	ProjectSection(ProjectDependencies) = postProject
		{93AD8E65-FB3A-414D-BA0B-6E8FFDDB6CAB} = {93AD8E65-FB3A-414D-BA0B-6E8FFDDB6CAB}
		{CD91E4F5-1AFF-476D-94BE-C9770ACFAF98} = {CD91E4F5-1AFF-476D-94BE-C9770ACFAF98}
		{E2C788F7-5D94-4A28-A68E-0DD48D5C35B6} = {E2C788F7-5D94-4A28-A68E-0DD48D5C35B6}
		{1DF5BE97-EE00-41D1-B49F-A0F49A803D31} = {1DF5BE97-EE00-41D1-B49F-A0F49A803D31}
	EndProjectSection
EndProject
Project("{8BC9CEB8-8B4A-11D0-8D11-00A0C91BC942}") = "MedusaExport", "MedusaExport\MedusaExport.vcproj", "{7FC885C7-5844-4A6F-9684-8AD4AF560547}"
	ProjectSection(ProjectDependencies) = postProject
		{18B80ECB-53AE-47E1-AF11-0C994CAC2C1D} = {18B80ECB-53AE-47E1-AF11-0C994CAC2C1D}
		{93AD8E65-FB3A-414D-BA0B-6E8FFDDB6CAB} = {93AD8E65-FB3A-414D-BA0B-6E8FFDDB6CAB}
		{5EF7E848-2518-4804-9D41-5700D82EF8D6} = {5EF7E848-2518-4804-9D41-5700D82EF8D6}
	EndProjectSection
EndProject
Project("{8BC9CEB8-8B4A-11D0-8D11-00A0C91BC942}") = "VC2M", "VC2M\VC2M.vcproj", "{DDA6A921-8322-4D6C-85AC-D5D48BB1F195}"
EndProject
Project("{8BC9CEB8-8B4A-11D0-8D11-00A0C91BC942}") = "Medusa", "..\Medusa\Medusa.vcproj", "{93AD8E65-FB3A-414D-BA0B-6E8FFDDB6CAB}"
EndProject
Project("{8BC9CEB8-8B4A-11D0-8D11-00A0C91BC942}") = "Render3D", "..\Render3D\Render3D.vcproj", "{18B80ECB-53AE-47E1-AF11-0C994CAC2C1D}"
	ProjectSection(ProjectDependencies) = postProject
		{93AD8E65-FB3A-414D-BA0B-6E8FFDDB6CAB} = {93AD8E65-FB3A-414D-BA0B-6E8FFDDB6CAB}
	EndProjectSection
EndProject
Project("{8BC9CEB8-8B4A-11D0-8D11-00A0C91BC942}") = "GUI3D", "..\Gui3d\Gui3d.vcproj", "{CD91E4F5-1AFF-476D-94BE-C9770ACFAF98}"
	ProjectSection(ProjectDependencies) = postProject
		{93AD8E65-FB3A-414D-BA0B-6E8FFDDB6CAB} = {93AD8E65-FB3A-414D-BA0B-6E8FFDDB6CAB}
		{18B80ECB-53AE-47E1-AF11-0C994CAC2C1D} = {18B80ECB-53AE-47E1-AF11-0C994CAC2C1D}
	EndProjectSection
EndProject
Project("{8BC9CEB8-8B4A-11D0-8D11-00A0C91BC942}") = "Network", "..\Network\Network.vcproj", "{1E5779FC-265E-4331-AAAD-79AAFD688DA4}"
	ProjectSection(ProjectDependencies) = postProject
		{93AD8E65-FB3A-414D-BA0B-6E8FFDDB6CAB} = {93AD8E65-FB3A-414D-BA0B-6E8FFDDB6CAB}
	EndProjectSection
EndProject
Project("{8BC9CEB8-8B4A-11D0-8D11-00A0C91BC942}") = "ImportFBX", "ImportFBX\ImportFBX.vcproj", "{CA7140F6-AC79-4007-8221-3A4C44BF9952}"
	ProjectSection(ProjectDependencies) = postProject
		{5ABE315C-55DA-4B9E-BD28-8D7FE33BA7F6} = {5ABE315C-55DA-4B9E-BD28-8D7FE33BA7F6}
		{93AD8E65-FB3A-414D-BA0B-6E8FFDDB6CAB} = {93AD8E65-FB3A-414D-BA0B-6E8FFDDB6CAB}
		{18B80ECB-53AE-47E1-AF11-0C994CAC2C1D} = {18B80ECB-53AE-47E1-AF11-0C994CAC2C1D}
		{E2C788F7-5D94-4A28-A68E-0DD48D5C35B6} = {E2C788F7-5D94-4A28-A68E-0DD48D5C35B6}
		{1E5779FC-265E-4331-AAAD-79AAFD688DA4} = {1E5779FC-265E-4331-AAAD-79AAFD688DA4}
		{A907455E-B47F-4489-9C7E-B569444CC3AB} = {A907455E-B47F-4489-9C7E-B569444CC3AB}
		{5EF7E848-2518-4804-9D41-5700D82EF8D6} = {5EF7E848-2518-4804-9D41-5700D82EF8D6}
		{030F7215-ECBB-4CFC-8F73-B406A7AC5464} = {030F7215-ECBB-4CFC-8F73-B406A7AC5464}
	EndProjectSection
EndProject
Project("{8BC9CEB8-8B4A-11D0-8D11-00A0C91BC942}") = "DisplayD3D", "..\DisplayD3D\DisplayD3D.vcproj", "{416F1CD7-7FEE-42A4-8EC6-0C2353BF698E}"
	ProjectSection(ProjectDependencies) = postProject
		{93AD8E65-FB3A-414D-BA0B-6E8FFDDB6CAB} = {93AD8E65-FB3A-414D-BA0B-6E8FFDDB6CAB}
	EndProjectSection
EndProject
Project("{2150E333-8FDC-42A3-9474-1A3956D46DE8}") = "MedusaEngine", "MedusaEngine", "{25BF1117-3368-4A3A-B32A-F3C828B3F182}"
EndProject
Project("{2150E333-8FDC-42A3-9474-1A3956D46DE8}") = "Ports", "Ports", "{048FDF25-6597-45EF-B756-AC422751D187}"
EndProject
Project("{8BC9CEB8-8B4A-11D0-8D11-00A0C91BC942}") = "UpdateBuildVersion", "UpdateBuildVersion\UpdateBuildVersion.vcproj", "{7409D61F-F131-4897-A348-F5DA5F0A5AE6}"
	ProjectSection(ProjectDependencies) = postProject
		{93AD8E65-FB3A-414D-BA0B-6E8FFDDB6CAB} = {93AD8E65-FB3A-414D-BA0B-6E8FFDDB6CAB}
	EndProjectSection
EndProject
Global
	GlobalSection(SolutionConfigurationPlatforms) = preSolution
		Debug|Win32 = Debug|Win32
		Release|Win32 = Release|Win32
	EndGlobalSection
	GlobalSection(ProjectConfigurationPlatforms) = postSolution
		{A2523589-7729-4489-B5C2-BB42B7EF5BE9}.Debug|Win32.ActiveCfg = Debug|Win32
		{A2523589-7729-4489-B5C2-BB42B7EF5BE9}.Debug|Win32.Build.0 = Debug|Win32
		{A2523589-7729-4489-B5C2-BB42B7EF5BE9}.Release|Win32.ActiveCfg = Release|Win32
		{A2523589-7729-4489-B5C2-BB42B7EF5BE9}.Release|Win32.Build.0 = Release|Win32
		{8B623ACE-B07A-4F5B-8F46-5DF1ABD0996B}.Debug|Win32.ActiveCfg = Debug|Win32
		{8B623ACE-B07A-4F5B-8F46-5DF1ABD0996B}.Debug|Win32.Build.0 = Debug|Win32
		{8B623ACE-B07A-4F5B-8F46-5DF1ABD0996B}.Release|Win32.ActiveCfg = Release|Win32
		{8B623ACE-B07A-4F5B-8F46-5DF1ABD0996B}.Release|Win32.Build.0 = Release|Win32
		{AB16FF21-98F7-425B-A868-360501331F86}.Debug|Win32.ActiveCfg = Debug|Win32
		{AB16FF21-98F7-425B-A868-360501331F86}.Debug|Win32.Build.0 = Debug|Win32
		{AB16FF21-98F7-425B-A868-360501331F86}.Release|Win32.ActiveCfg = Release|Win32
		{AB16FF21-98F7-425B-A868-360501331F86}.Release|Win32.Build.0 = Release|Win32
		{04BDD68B-256F-44F2-846F-D8ABD9CF03E4}.Debug|Win32.ActiveCfg = Debug|Win32
		{04BDD68B-256F-44F2-846F-D8ABD9CF03E4}.Debug|Win32.Build.0 = Debug|Win32
		{04BDD68B-256F-44F2-846F-D8ABD9CF03E4}.Release|Win32.ActiveCfg = Release|Win32
		{04BDD68B-256F-44F2-846F-D8ABD9CF03E4}.Release|Win32.Build.0 = Release|Win32
		{5ABE315C-55DA-4B9E-BD28-8D7FE33BA7F6}.Debug|Win32.ActiveCfg = Debug|Win32
		{5ABE315C-55DA-4B9E-BD28-8D7FE33BA7F6}.Debug|Win32.Build.0 = Debug|Win32
		{5ABE315C-55DA-4B9E-BD28-8D7FE33BA7F6}.Release|Win32.ActiveCfg = Release|Win32
		{5ABE315C-55DA-4B9E-BD28-8D7FE33BA7F6}.Release|Win32.Build.0 = Release|Win32
		{51B4EDE4-8037-4215-9C94-826C82ABA801}.Debug|Win32.ActiveCfg = Debug|Win32
		{51B4EDE4-8037-4215-9C94-826C82ABA801}.Debug|Win32.Build.0 = Debug|Win32
		{51B4EDE4-8037-4215-9C94-826C82ABA801}.Release|Win32.ActiveCfg = Release|Win32
		{51B4EDE4-8037-4215-9C94-826C82ABA801}.Release|Win32.Build.0 = Release|Win32
		{DEF71248-B5E5-4BA3-83F7-120D7EF9B473}.Debug|Win32.ActiveCfg = Debug|Win32
		{DEF71248-B5E5-4BA3-83F7-120D7EF9B473}.Debug|Win32.Build.0 = Debug|Win32
		{DEF71248-B5E5-4BA3-83F7-120D7EF9B473}.Release|Win32.ActiveCfg = Release|Win32
		{DEF71248-B5E5-4BA3-83F7-120D7EF9B473}.Release|Win32.Build.0 = Release|Win32
		{030F7215-ECBB-4CFC-8F73-B406A7AC5464}.Debug|Win32.ActiveCfg = Debug|Win32
		{030F7215-ECBB-4CFC-8F73-B406A7AC5464}.Debug|Win32.Build.0 = Debug|Win32
		{030F7215-ECBB-4CFC-8F73-B406A7AC5464}.Release|Win32.ActiveCfg = Release|Win32
		{030F7215-ECBB-4CFC-8F73-B406A7AC5464}.Release|Win32.Build.0 = Release|Win32
		{AFD13FF6-644B-4FAD-AB36-1B18DE4967FA}.Debug|Win32.ActiveCfg = Debug|Win32
		{AFD13FF6-644B-4FAD-AB36-1B18DE4967FA}.Debug|Win32.Build.0 = Debug|Win32
		{AFD13FF6-644B-4FAD-AB36-1B18DE4967FA}.Release|Win32.ActiveCfg = Release|Win32
		{AFD13FF6-644B-4FAD-AB36-1B18DE4967FA}.Release|Win32.Build.0 = Release|Win32
		{26F01B02-C621-4DB8-B33B-A5ACC8DA8667}.Debug|Win32.ActiveCfg = Debug|Win32
		{26F01B02-C621-4DB8-B33B-A5ACC8DA8667}.Debug|Win32.Build.0 = Debug|Win32
		{26F01B02-C621-4DB8-B33B-A5ACC8DA8667}.Release|Win32.ActiveCfg = Release|Win32
		{26F01B02-C621-4DB8-B33B-A5ACC8DA8667}.Release|Win32.Build.0 = Release|Win32
		{2DBA5F9F-86D6-4AA4-86BB-EE6E63743347}.Debug|Win32.ActiveCfg = Debug|Win32
		{2DBA5F9F-86D6-4AA4-86BB-EE6E63743347}.Debug|Win32.Build.0 = Debug|Win32
		{2DBA5F9F-86D6-4AA4-86BB-EE6E63743347}.Release|Win32.ActiveCfg = Release|Win32
		{2DBA5F9F-86D6-4AA4-86BB-EE6E63743347}.Release|Win32.Build.0 = Release|Win32
		{4BC5E20E-CD1A-4A46-89F4-49349BB5FAC2}.Debug|Win32.ActiveCfg = Debug|Win32
		{4BC5E20E-CD1A-4A46-89F4-49349BB5FAC2}.Debug|Win32.Build.0 = Debug|Win32
		{4BC5E20E-CD1A-4A46-89F4-49349BB5FAC2}.Release|Win32.ActiveCfg = Release|Win32
		{4BC5E20E-CD1A-4A46-89F4-49349BB5FAC2}.Release|Win32.Build.0 = Release|Win32
		{5EF7E848-2518-4804-9D41-5700D82EF8D6}.Debug|Win32.ActiveCfg = Debug|Win32
		{5EF7E848-2518-4804-9D41-5700D82EF8D6}.Debug|Win32.Build.0 = Debug|Win32
		{5EF7E848-2518-4804-9D41-5700D82EF8D6}.Release|Win32.ActiveCfg = Release|Win32
		{5EF7E848-2518-4804-9D41-5700D82EF8D6}.Release|Win32.Build.0 = Release|Win32
		{B9453556-800D-4929-82DE-0BE8EBFE3FF5}.Debug|Win32.ActiveCfg = Debug|Win32
		{B9453556-800D-4929-82DE-0BE8EBFE3FF5}.Debug|Win32.Build.0 = Debug|Win32
		{B9453556-800D-4929-82DE-0BE8EBFE3FF5}.Release|Win32.ActiveCfg = Release|Win32
		{B9453556-800D-4929-82DE-0BE8EBFE3FF5}.Release|Win32.Build.0 = Release|Win32
		{DA84703F-A063-4397-9289-732EBACA7692}.Debug|Win32.ActiveCfg = Debug|Win32
		{DA84703F-A063-4397-9289-732EBACA7692}.Debug|Win32.Build.0 = Debug|Win32
		{DA84703F-A063-4397-9289-732EBACA7692}.Release|Win32.ActiveCfg = Release|Win32
		{DA84703F-A063-4397-9289-732EBACA7692}.Release|Win32.Build.0 = Release|Win32
		{28704487-E9EC-4147-88A9-4B1F641B1870}.Debug|Win32.ActiveCfg = Debug|Win32
		{28704487-E9EC-4147-88A9-4B1F641B1870}.Debug|Win32.Build.0 = Debug|Win32
		{28704487-E9EC-4147-88A9-4B1F641B1870}.Release|Win32.ActiveCfg = Release|Win32
		{28704487-E9EC-4147-88A9-4B1F641B1870}.Release|Win32.Build.0 = Release|Win32
		{83164838-CF31-434A-8D5E-206CD8707626}.Debug|Win32.ActiveCfg = Debug|Win32
		{83164838-CF31-434A-8D5E-206CD8707626}.Debug|Win32.Build.0 = Debug|Win32
		{83164838-CF31-434A-8D5E-206CD8707626}.Release|Win32.ActiveCfg = Release|Win32
		{83164838-CF31-434A-8D5E-206CD8707626}.Release|Win32.Build.0 = Release|Win32
		{712A44D3-1AC0-4285-9F3F-8F88528D9BE7}.Debug|Win32.ActiveCfg = Debug|Win32
		{712A44D3-1AC0-4285-9F3F-8F88528D9BE7}.Debug|Win32.Build.0 = Debug|Win32
		{712A44D3-1AC0-4285-9F3F-8F88528D9BE7}.Release|Win32.ActiveCfg = Release|Win32
		{712A44D3-1AC0-4285-9F3F-8F88528D9BE7}.Release|Win32.Build.0 = Release|Win32
		{DDFEDF25-DED6-4DD0-ACA9-C1C370A05DBD}.Debug|Win32.ActiveCfg = Debug|Win32
		{DDFEDF25-DED6-4DD0-ACA9-C1C370A05DBD}.Debug|Win32.Build.0 = Debug|Win32
		{DDFEDF25-DED6-4DD0-ACA9-C1C370A05DBD}.Release|Win32.ActiveCfg = Release|Win32
		{DDFEDF25-DED6-4DD0-ACA9-C1C370A05DBD}.Release|Win32.Build.0 = Release|Win32
		{B2ED6CCE-54F0-4570-8954-44B06038B7BC}.Debug|Win32.ActiveCfg = Debug|Win32
		{B2ED6CCE-54F0-4570-8954-44B06038B7BC}.Debug|Win32.Build.0 = Debug|Win32
		{B2ED6CCE-54F0-4570-8954-44B06038B7BC}.Release|Win32.ActiveCfg = Release|Win32
		{B2ED6CCE-54F0-4570-8954-44B06038B7BC}.Release|Win32.Build.0 = Release|Win32
		{4D6813FC-82DF-4AE0-B8CB-D509F23865D3}.Debug|Win32.ActiveCfg = Debug|Win32
		{4D6813FC-82DF-4AE0-B8CB-D509F23865D3}.Debug|Win32.Build.0 = Debug|Win32
		{4D6813FC-82DF-4AE0-B8CB-D509F23865D3}.Release|Win32.ActiveCfg = Release|Win32
		{4D6813FC-82DF-4AE0-B8CB-D509F23865D3}.Release|Win32.Build.0 = Release|Win32
		{17CF3DF8-9F00-459E-AB86-B375B60D3951}.Debug|Win32.ActiveCfg = Debug|Win32
		{17CF3DF8-9F00-459E-AB86-B375B60D3951}.Debug|Win32.Build.0 = Debug|Win32
		{17CF3DF8-9F00-459E-AB86-B375B60D3951}.Release|Win32.ActiveCfg = Release|Win32
		{17CF3DF8-9F00-459E-AB86-B375B60D3951}.Release|Win32.Build.0 = Release|Win32
		{2EE4FBD2-C7D7-46D0-9B1D-25766E06BA23}.Debug|Win32.ActiveCfg = Debug|Win32
		{2EE4FBD2-C7D7-46D0-9B1D-25766E06BA23}.Debug|Win32.Build.0 = Debug|Win32
		{2EE4FBD2-C7D7-46D0-9B1D-25766E06BA23}.Release|Win32.ActiveCfg = Release|Win32
		{2EE4FBD2-C7D7-46D0-9B1D-25766E06BA23}.Release|Win32.Build.0 = Release|Win32
		{4DC76E60-C3B7-4A98-957E-4F4D33CE2384}.Debug|Win32.ActiveCfg = Debug|Win32
		{4DC76E60-C3B7-4A98-957E-4F4D33CE2384}.Debug|Win32.Build.0 = Debug|Win32
		{4DC76E60-C3B7-4A98-957E-4F4D33CE2384}.Release|Win32.ActiveCfg = Release|Win32
		{4DC76E60-C3B7-4A98-957E-4F4D33CE2384}.Release|Win32.Build.0 = Release|Win32
		{2B83344F-9577-4727-B66E-DEE5FB0DD68C}.Debug|Win32.ActiveCfg = Debug|Win32
		{2B83344F-9577-4727-B66E-DEE5FB0DD68C}.Debug|Win32.Build.0 = Debug|Win32
		{2B83344F-9577-4727-B66E-DEE5FB0DD68C}.Release|Win32.ActiveCfg = Release|Win32
		{2B83344F-9577-4727-B66E-DEE5FB0DD68C}.Release|Win32.Build.0 = Release|Win32
		{F76D56FD-D497-4295-AF7C-EA9386163380}.Debug|Win32.ActiveCfg = Debug|Win32
		{F76D56FD-D497-4295-AF7C-EA9386163380}.Debug|Win32.Build.0 = Debug|Win32
		{F76D56FD-D497-4295-AF7C-EA9386163380}.Release|Win32.ActiveCfg = Release|Win32
		{F76D56FD-D497-4295-AF7C-EA9386163380}.Release|Win32.Build.0 = Release|Win32
		{487A3F15-5BEF-4CB0-8799-6ADF4F8D8DF2}.Debug|Win32.ActiveCfg = Debug|Win32
		{487A3F15-5BEF-4CB0-8799-6ADF4F8D8DF2}.Debug|Win32.Build.0 = Debug|Win32
		{487A3F15-5BEF-4CB0-8799-6ADF4F8D8DF2}.Release|Win32.ActiveCfg = Release|Win32
		{487A3F15-5BEF-4CB0-8799-6ADF4F8D8DF2}.Release|Win32.Build.0 = Release|Win32
		{E41A1182-BA9A-4615-BF18-FE3D42407DBD}.Debug|Win32.ActiveCfg = Debug|Win32
		{E41A1182-BA9A-4615-BF18-FE3D42407DBD}.Debug|Win32.Build.0 = Debug|Win32
		{E41A1182-BA9A-4615-BF18-FE3D42407DBD}.Release|Win32.ActiveCfg = Release|Win32
		{E41A1182-BA9A-4615-BF18-FE3D42407DBD}.Release|Win32.Build.0 = Release|Win32
		{1DF5BE97-EE00-41D1-B49F-A0F49A803D31}.Debug|Win32.ActiveCfg = Debug|Win32
		{1DF5BE97-EE00-41D1-B49F-A0F49A803D31}.Debug|Win32.Build.0 = Debug|Win32
		{1DF5BE97-EE00-41D1-B49F-A0F49A803D31}.Release|Win32.ActiveCfg = Release|Win32
		{1DF5BE97-EE00-41D1-B49F-A0F49A803D31}.Release|Win32.Build.0 = Release|Win32
		{E0A8E720-5A25-48FC-9456-6D1827EC7BAA}.Debug|Win32.ActiveCfg = Debug|Win32
		{E0A8E720-5A25-48FC-9456-6D1827EC7BAA}.Debug|Win32.Build.0 = Debug|Win32
		{E0A8E720-5A25-48FC-9456-6D1827EC7BAA}.Release|Win32.ActiveCfg = Release|Win32
		{E0A8E720-5A25-48FC-9456-6D1827EC7BAA}.Release|Win32.Build.0 = Release|Win32
		{75497DF2-0C78-4129-900D-09ABA10FA45E}.Debug|Win32.ActiveCfg = Debug|Win32
		{75497DF2-0C78-4129-900D-09ABA10FA45E}.Debug|Win32.Build.0 = Debug|Win32
		{75497DF2-0C78-4129-900D-09ABA10FA45E}.Release|Win32.ActiveCfg = Release|Win32
		{75497DF2-0C78-4129-900D-09ABA10FA45E}.Release|Win32.Build.0 = Release|Win32
		{E2C788F7-5D94-4A28-A68E-0DD48D5C35B6}.Debug|Win32.ActiveCfg = Debug|Win32
		{E2C788F7-5D94-4A28-A68E-0DD48D5C35B6}.Debug|Win32.Build.0 = Debug|Win32
		{E2C788F7-5D94-4A28-A68E-0DD48D5C35B6}.Release|Win32.ActiveCfg = Release|Win32
		{E2C788F7-5D94-4A28-A68E-0DD48D5C35B6}.Release|Win32.Build.0 = Release|Win32
		{A907455E-B47F-4489-9C7E-B569444CC3AB}.Debug|Win32.ActiveCfg = Debug|Win32
		{A907455E-B47F-4489-9C7E-B569444CC3AB}.Debug|Win32.Build.0 = Debug|Win32
		{A907455E-B47F-4489-9C7E-B569444CC3AB}.Release|Win32.ActiveCfg = Release|Win32
		{A907455E-B47F-4489-9C7E-B569444CC3AB}.Release|Win32.Build.0 = Release|Win32
		{4D9F0FE0-73D7-4C79-891F-25B7E2DF1415}.Debug|Win32.ActiveCfg = Debug|Win32
		{4D9F0FE0-73D7-4C79-891F-25B7E2DF1415}.Debug|Win32.Build.0 = Debug|Win32
		{4D9F0FE0-73D7-4C79-891F-25B7E2DF1415}.Release|Win32.ActiveCfg = Release|Win32
		{4D9F0FE0-73D7-4C79-891F-25B7E2DF1415}.Release|Win32.Build.0 = Release|Win32
		{871E6A8F-9D1D-4981-B888-A917259F1377}.Debug|Win32.ActiveCfg = Debug|Win32
		{871E6A8F-9D1D-4981-B888-A917259F1377}.Debug|Win32.Build.0 = Debug|Win32
		{871E6A8F-9D1D-4981-B888-A917259F1377}.Release|Win32.ActiveCfg = Release|Win32
		{871E6A8F-9D1D-4981-B888-A917259F1377}.Release|Win32.Build.0 = Release|Win32
		{DDFD849C-E66F-44B0-9423-1049EB49DBE9}.Debug|Win32.ActiveCfg = Debug|Win32
		{DDFD849C-E66F-44B0-9423-1049EB49DBE9}.Debug|Win32.Build.0 = Debug|Win32
		{DDFD849C-E66F-44B0-9423-1049EB49DBE9}.Release|Win32.ActiveCfg = Release|Win32
		{DDFD849C-E66F-44B0-9423-1049EB49DBE9}.Release|Win32.Build.0 = Release|Win32
		{51D6F1FC-D072-4035-B8FA-F894D0B222BE}.Debug|Win32.ActiveCfg = Debug|Win32
		{51D6F1FC-D072-4035-B8FA-F894D0B222BE}.Debug|Win32.Build.0 = Debug|Win32
		{51D6F1FC-D072-4035-B8FA-F894D0B222BE}.Release|Win32.ActiveCfg = Release|Win32
		{51D6F1FC-D072-4035-B8FA-F894D0B222BE}.Release|Win32.Build.0 = Release|Win32
		{C8426F63-506D-491D-99B1-54ACAE7B0CCA}.Debug|Win32.ActiveCfg = Debug|Win32
		{C8426F63-506D-491D-99B1-54ACAE7B0CCA}.Debug|Win32.Build.0 = Debug|Win32
		{C8426F63-506D-491D-99B1-54ACAE7B0CCA}.Release|Win32.ActiveCfg = Release|Win32
		{C8426F63-506D-491D-99B1-54ACAE7B0CCA}.Release|Win32.Build.0 = Release|Win32
		{59DE0CE8-EA20-4262-B470-A02805B4C0FE}.Debug|Win32.ActiveCfg = Debug|Win32
		{59DE0CE8-EA20-4262-B470-A02805B4C0FE}.Debug|Win32.Build.0 = Debug|Win32
		{59DE0CE8-EA20-4262-B470-A02805B4C0FE}.Release|Win32.ActiveCfg = Release|Win32
		{59DE0CE8-EA20-4262-B470-A02805B4C0FE}.Release|Win32.Build.0 = Release|Win32
		{7FC885C7-5844-4A6F-9684-8AD4AF560547}.Debug|Win32.ActiveCfg = Debug|Win32
		{7FC885C7-5844-4A6F-9684-8AD4AF560547}.Debug|Win32.Build.0 = Debug|Win32
		{7FC885C7-5844-4A6F-9684-8AD4AF560547}.Release|Win32.ActiveCfg = Release|Win32
		{7FC885C7-5844-4A6F-9684-8AD4AF560547}.Release|Win32.Build.0 = Release|Win32
		{DDA6A921-8322-4D6C-85AC-D5D48BB1F195}.Debug|Win32.ActiveCfg = Debug|Win32
		{DDA6A921-8322-4D6C-85AC-D5D48BB1F195}.Debug|Win32.Build.0 = Debug|Win32
		{DDA6A921-8322-4D6C-85AC-D5D48BB1F195}.Release|Win32.ActiveCfg = Release|Win32
		{DDA6A921-8322-4D6C-85AC-D5D48BB1F195}.Release|Win32.Build.0 = Release|Win32
		{93AD8E65-FB3A-414D-BA0B-6E8FFDDB6CAB}.Debug|Win32.ActiveCfg = Debug|Win32
		{93AD8E65-FB3A-414D-BA0B-6E8FFDDB6CAB}.Debug|Win32.Build.0 = Debug|Win32
		{93AD8E65-FB3A-414D-BA0B-6E8FFDDB6CAB}.Release|Win32.ActiveCfg = Release|Win32
		{93AD8E65-FB3A-414D-BA0B-6E8FFDDB6CAB}.Release|Win32.Build.0 = Release|Win32
		{18B80ECB-53AE-47E1-AF11-0C994CAC2C1D}.Debug|Win32.ActiveCfg = Debug|Win32
		{18B80ECB-53AE-47E1-AF11-0C994CAC2C1D}.Debug|Win32.Build.0 = Debug|Win32
		{18B80ECB-53AE-47E1-AF11-0C994CAC2C1D}.Release|Win32.ActiveCfg = Release|Win32
		{18B80ECB-53AE-47E1-AF11-0C994CAC2C1D}.Release|Win32.Build.0 = Release|Win32
		{CD91E4F5-1AFF-476D-94BE-C9770ACFAF98}.Debug|Win32.ActiveCfg = Debug|Win32
		{CD91E4F5-1AFF-476D-94BE-C9770ACFAF98}.Debug|Win32.Build.0 = Debug|Win32
		{CD91E4F5-1AFF-476D-94BE-C9770ACFAF98}.Release|Win32.ActiveCfg = Release|Win32
		{CD91E4F5-1AFF-476D-94BE-C9770ACFAF98}.Release|Win32.Build.0 = Release|Win32
		{1E5779FC-265E-4331-AAAD-79AAFD688DA4}.Debug|Win32.ActiveCfg = Debug|Win32
		{1E5779FC-265E-4331-AAAD-79AAFD688DA4}.Debug|Win32.Build.0 = Debug|Win32
		{1E5779FC-265E-4331-AAAD-79AAFD688DA4}.Release|Win32.ActiveCfg = Release|Win32
		{1E5779FC-265E-4331-AAAD-79AAFD688DA4}.Release|Win32.Build.0 = Release|Win32
		{CA7140F6-AC79-4007-8221-3A4C44BF9952}.Debug|Win32.ActiveCfg = Debug|Win32
		{CA7140F6-AC79-4007-8221-3A4C44BF9952}.Debug|Win32.Build.0 = Debug|Win32
		{CA7140F6-AC79-4007-8221-3A4C44BF9952}.Release|Win32.ActiveCfg = Release|Win32
		{CA7140F6-AC79-4007-8221-3A4C44BF9952}.Release|Win32.Build.0 = Release|Win32
		{416F1CD7-7FEE-42A4-8EC6-0C2353BF698E}.Debug|Win32.ActiveCfg = Debug|Win32
		{416F1CD7-7FEE-42A4-8EC6-0C2353BF698E}.Debug|Win32.Build.0 = Debug|Win32
		{416F1CD7-7FEE-42A4-8EC6-0C2353BF698E}.Release|Win32.ActiveCfg = Release|Win32
		{416F1CD7-7FEE-42A4-8EC6-0C2353BF698E}.Release|Win32.Build.0 = Release|Win32
		{7409D61F-F131-4897-A348-F5DA5F0A5AE6}.Debug|Win32.ActiveCfg = Debug|Win32
		{7409D61F-F131-4897-A348-F5DA5F0A5AE6}.Debug|Win32.Build.0 = Debug|Win32
		{7409D61F-F131-4897-A348-F5DA5F0A5AE6}.Release|Win32.ActiveCfg = Release|Win32
		{7409D61F-F131-4897-A348-F5DA5F0A5AE6}.Release|Win32.Build.0 = Release|Win32
	EndGlobalSection
	GlobalSection(SolutionProperties) = preSolution
		HideSolutionNode = FALSE
	EndGlobalSection
	GlobalSection(NestedProjects) = preSolution
		{04BDD68B-256F-44F2-846F-D8ABD9CF03E4} = {048FDF25-6597-45EF-B756-AC422751D187}
		{5ABE315C-55DA-4B9E-BD28-8D7FE33BA7F6} = {048FDF25-6597-45EF-B756-AC422751D187}
		{51B4EDE4-8037-4215-9C94-826C82ABA801} = {048FDF25-6597-45EF-B756-AC422751D187}
		{030F7215-ECBB-4CFC-8F73-B406A7AC5464} = {048FDF25-6597-45EF-B756-AC422751D187}
		{AFD13FF6-644B-4FAD-AB36-1B18DE4967FA} = {048FDF25-6597-45EF-B756-AC422751D187}
		{26F01B02-C621-4DB8-B33B-A5ACC8DA8667} = {048FDF25-6597-45EF-B756-AC422751D187}
		{2DBA5F9F-86D6-4AA4-86BB-EE6E63743347} = {048FDF25-6597-45EF-B756-AC422751D187}
		{4BC5E20E-CD1A-4A46-89F4-49349BB5FAC2} = {048FDF25-6597-45EF-B756-AC422751D187}
		{5EF7E848-2518-4804-9D41-5700D82EF8D6} = {048FDF25-6597-45EF-B756-AC422751D187}
		{B9453556-800D-4929-82DE-0BE8EBFE3FF5} = {048FDF25-6597-45EF-B756-AC422751D187}
		{DA84703F-A063-4397-9289-732EBACA7692} = {048FDF25-6597-45EF-B756-AC422751D187}
		{28704487-E9EC-4147-88A9-4B1F641B1870} = {048FDF25-6597-45EF-B756-AC422751D187}
		{83164838-CF31-434A-8D5E-206CD8707626} = {048FDF25-6597-45EF-B756-AC422751D187}
		{712A44D3-1AC0-4285-9F3F-8F88528D9BE7} = {048FDF25-6597-45EF-B756-AC422751D187}
		{DDFEDF25-DED6-4DD0-ACA9-C1C370A05DBD} = {048FDF25-6597-45EF-B756-AC422751D187}
		{B2ED6CCE-54F0-4570-8954-44B06038B7BC} = {048FDF25-6597-45EF-B756-AC422751D187}
		{4D6813FC-82DF-4AE0-B8CB-D509F23865D3} = {048FDF25-6597-45EF-B756-AC422751D187}
		{17CF3DF8-9F00-459E-AB86-B375B60D3951} = {048FDF25-6597-45EF-B756-AC422751D187}
		{2EE4FBD2-C7D7-46D0-9B1D-25766E06BA23} = {048FDF25-6597-45EF-B756-AC422751D187}
		{4DC76E60-C3B7-4A98-957E-4F4D33CE2384} = {048FDF25-6597-45EF-B756-AC422751D187}
		{2B83344F-9577-4727-B66E-DEE5FB0DD68C} = {048FDF25-6597-45EF-B756-AC422751D187}
		{F76D56FD-D497-4295-AF7C-EA9386163380} = {048FDF25-6597-45EF-B756-AC422751D187}
		{487A3F15-5BEF-4CB0-8799-6ADF4F8D8DF2} = {048FDF25-6597-45EF-B756-AC422751D187}
		{E41A1182-BA9A-4615-BF18-FE3D42407DBD} = {048FDF25-6597-45EF-B756-AC422751D187}
		{1DF5BE97-EE00-41D1-B49F-A0F49A803D31} = {048FDF25-6597-45EF-B756-AC422751D187}
		{A907455E-B47F-4489-9C7E-B569444CC3AB} = {048FDF25-6597-45EF-B756-AC422751D187}
		{4D9F0FE0-73D7-4C79-891F-25B7E2DF1415} = {048FDF25-6597-45EF-B756-AC422751D187}
		{871E6A8F-9D1D-4981-B888-A917259F1377} = {048FDF25-6597-45EF-B756-AC422751D187}
		{DDFD849C-E66F-44B0-9423-1049EB49DBE9} = {048FDF25-6597-45EF-B756-AC422751D187}
		{51D6F1FC-D072-4035-B8FA-F894D0B222BE} = {048FDF25-6597-45EF-B756-AC422751D187}
		{C8426F63-506D-491D-99B1-54ACAE7B0CCA} = {048FDF25-6597-45EF-B756-AC422751D187}
		{59DE0CE8-EA20-4262-B470-A02805B4C0FE} = {048FDF25-6597-45EF-B756-AC422751D187}
		{8B623ACE-B07A-4F5B-8F46-5DF1ABD0996B} = {048FDF25-6597-45EF-B756-AC422751D187}
		{18B80ECB-53AE-47E1-AF11-0C994CAC2C1D} = {25BF1117-3368-4A3A-B32A-F3C828B3F182}
		{CD91E4F5-1AFF-476D-94BE-C9770ACFAF98} = {25BF1117-3368-4A3A-B32A-F3C828B3F182}
		{1E5779FC-265E-4331-AAAD-79AAFD688DA4} = {25BF1117-3368-4A3A-B32A-F3C828B3F182}
		{416F1CD7-7FEE-42A4-8EC6-0C2353BF698E} = {25BF1117-3368-4A3A-B32A-F3C828B3F182}
		{93AD8E65-FB3A-414D-BA0B-6E8FFDDB6CAB} = {25BF1117-3368-4A3A-B32A-F3C828B3F182}
	EndGlobalSection
EndGlobal
